// !$*UTF8*$!
{
	archiveVersion = 1;
	classes = {
	};
	objectVersion = 55;
	objects = {

/* Begin PBXBuildFile section */
		8D0BE4862950996400B4171A /* TypeaheadSearchUIComposer.swift in Sources */ = {isa = PBXBuildFile; fileRef = 8D0BE4852950996400B4171A /* TypeaheadSearchUIComposer.swift */; };
		8D0BE48929509B3C00B4171A /* TypeaheadSearchViewAdapter.swift in Sources */ = {isa = PBXBuildFile; fileRef = 8D0BE48829509B3C00B4171A /* TypeaheadSearchViewAdapter.swift */; };
		8D0BE48B29509B7700B4171A /* TypeaheadSearchPresentationAdapter.swift in Sources */ = {isa = PBXBuildFile; fileRef = 8D0BE48A29509B7700B4171A /* TypeaheadSearchPresentationAdapter.swift */; };
		8D0BE4952950A02A00B4171A /* SearchContentModule.framework in Frameworks */ = {isa = PBXBuildFile; fileRef = 8D0BE4932950A02A00B4171A /* SearchContentModule.framework */; };
		8D0BE4962950A02A00B4171A /* SearchContentModule.framework in Embed Frameworks */ = {isa = PBXBuildFile; fileRef = 8D0BE4932950A02A00B4171A /* SearchContentModule.framework */; settings = {ATTRIBUTES = (CodeSignOnCopy, RemoveHeadersOnCopy, ); }; };
		8D0BE4972950A02A00B4171A /* SearchContentModuleiOS.framework in Frameworks */ = {isa = PBXBuildFile; fileRef = 8D0BE4942950A02A00B4171A /* SearchContentModuleiOS.framework */; };
		8D0BE4982950A02A00B4171A /* SearchContentModuleiOS.framework in Embed Frameworks */ = {isa = PBXBuildFile; fileRef = 8D0BE4942950A02A00B4171A /* SearchContentModuleiOS.framework */; settings = {ATTRIBUTES = (CodeSignOnCopy, RemoveHeadersOnCopy, ); }; };
		8D0BE49D2950A5D000B4171A /* TypeaheadSearchUIIntegrationTests.swift in Sources */ = {isa = PBXBuildFile; fileRef = 8D0BE49C2950A5D000B4171A /* TypeaheadSearchUIIntegrationTests.swift */; };
		8D0BE4A72950B19D00B4171A /* GeneralSearchUIComposer.swift in Sources */ = {isa = PBXBuildFile; fileRef = 8D0BE4A52950B19A00B4171A /* GeneralSearchUIComposer.swift */; };
		8D0BE4AA2950B27300B4171A /* GeneralSearchViewAdapter.swift in Sources */ = {isa = PBXBuildFile; fileRef = 8D0BE4A82950B24C00B4171A /* GeneralSearchViewAdapter.swift */; };
		8D1A4B292954938600825E60 /* SearchPodcastCell+DSLHelpers.swift in Sources */ = {isa = PBXBuildFile; fileRef = 8D1A4B282954938600825E60 /* SearchPodcastCell+DSLHelpers.swift */; };
		8D1A4B2B2955B5D900825E60 /* GeneralSearch+ModelsHelpers.swift in Sources */ = {isa = PBXBuildFile; fileRef = 8D1A4B2A2955B5D900825E60 /* GeneralSearch+ModelsHelpers.swift */; };
		8D1A4B2F2955C8FF00825E60 /* SearchCoordinator.swift in Sources */ = {isa = PBXBuildFile; fileRef = 8D1A4B2D2955C8FB00825E60 /* SearchCoordinator.swift */; };
		8D1A4B322955C96F00825E60 /* GeneralSearchService.swift in Sources */ = {isa = PBXBuildFile; fileRef = 8D1A4B312955C96F00825E60 /* GeneralSearchService.swift */; };
		8D1A4B3C2955DA0800825E60 /* TypeaheadSearchService.swift in Sources */ = {isa = PBXBuildFile; fileRef = 8D1A4B3B2955DA0800825E60 /* TypeaheadSearchService.swift */; };
		8D2490D62938FAA1009ACD36 /* AVPlayerClient.framework in Frameworks */ = {isa = PBXBuildFile; fileRef = 8D2490D52938FAA1009ACD36 /* AVPlayerClient.framework */; };
		8D2490D72938FAA1009ACD36 /* AVPlayerClient.framework in Embed Frameworks */ = {isa = PBXBuildFile; fileRef = 8D2490D52938FAA1009ACD36 /* AVPlayerClient.framework */; settings = {ATTRIBUTES = (CodeSignOnCopy, RemoveHeadersOnCopy, ); }; };
		8D2EFC1C295EF2FB00D96806 /* AudioPlayerStatePublishers.swift in Sources */ = {isa = PBXBuildFile; fileRef = 8D2EFC1B295EF2FB00D96806 /* AudioPlayerStatePublishers.swift */; };
		8D2EFC24295F401400D96806 /* PlaybackProgressCacheDummy.swift in Sources */ = {isa = PBXBuildFile; fileRef = 8D2EFC23295F401400D96806 /* PlaybackProgressCacheDummy.swift */; };
		8D2EFC27296440A600D96806 /* InMemoryPlaybackProgressCache.swift in Sources */ = {isa = PBXBuildFile; fileRef = 8D2EFC26296440A600D96806 /* InMemoryPlaybackProgressCache.swift */; };
		8D3621F32959C43200967634 /* LocalizationTestsHelper.swift in Sources */ = {isa = PBXBuildFile; fileRef = 8D3621F22959C43200967634 /* LocalizationTestsHelper.swift */; };
		8D3621F62959CF7500967634 /* RootTabBarCoordinator.swift in Sources */ = {isa = PBXBuildFile; fileRef = 8D3621F42959CF5600967634 /* RootTabBarCoordinator.swift */; };
		8D3621F82959D1E300967634 /* PodcastsImageDataStoreContainer.swift in Sources */ = {isa = PBXBuildFile; fileRef = 8D3621F72959D1E300967634 /* PodcastsImageDataStoreContainer.swift */; };
		8D3621FA2959D64700967634 /* LargePlayerControlDelegate.swift in Sources */ = {isa = PBXBuildFile; fileRef = 8D3621F92959D64700967634 /* LargePlayerControlDelegate.swift */; };
		8D362208295AF57F00967634 /* Episode+PlayingEpisode.swift in Sources */ = {isa = PBXBuildFile; fileRef = 8D362207295AF57F00967634 /* Episode+PlayingEpisode.swift */; };
		8D36220A295AF58C00967634 /* Podcast+PlayingPodcast.swift in Sources */ = {isa = PBXBuildFile; fileRef = 8D362209295AF58C00967634 /* Podcast+PlayingPodcast.swift */; };
		8D362211295AF72F00967634 /* SearchResultEpisode+PlayingEpisode.swift in Sources */ = {isa = PBXBuildFile; fileRef = 8D362210295AF72F00967634 /* SearchResultEpisode+PlayingEpisode.swift */; };
		8D362213295AF73B00967634 /* SearchResultPodcast+PlayingPodcast.swift in Sources */ = {isa = PBXBuildFile; fileRef = 8D362212295AF73B00967634 /* SearchResultPodcast+PlayingPodcast.swift */; };
		8D36263F295DDB1800967634 /* LocalPlaybackProgressLoader+CombineHelpers.swift in Sources */ = {isa = PBXBuildFile; fileRef = 8D36263E295DDB1800967634 /* LocalPlaybackProgressLoader+CombineHelpers.swift */; };
		8D3C22312950B82A007D158E /* GeneralSearchSourceDelegate.swift in Sources */ = {isa = PBXBuildFile; fileRef = 8D3C22302950B82A007D158E /* GeneralSearchSourceDelegate.swift */; };
		8D3C22332950B882007D158E /* GeneralSearchPresentationAdapter.swift in Sources */ = {isa = PBXBuildFile; fileRef = 8D3C22322950B882007D158E /* GeneralSearchPresentationAdapter.swift */; };
		8D3C22372950C872007D158E /* ThumbnailSourceDelegate.swift in Sources */ = {isa = PBXBuildFile; fileRef = 8D3C22362950C872007D158E /* ThumbnailSourceDelegate.swift */; };
		8D4298C3292242E70064F3E6 /* UIImage+Extensions.swift in Sources */ = {isa = PBXBuildFile; fileRef = 8D4298C2292242E70064F3E6 /* UIImage+Extensions.swift */; };
		8D4298D32922740F0064F3E6 /* ExploreCoordinator.swift in Sources */ = {isa = PBXBuildFile; fileRef = 8D4298D22922740F0064F3E6 /* ExploreCoordinator.swift */; };
		8D4298D5292277AC0064F3E6 /* GenresLoaderService.swift in Sources */ = {isa = PBXBuildFile; fileRef = 8D4298D4292277AC0064F3E6 /* GenresLoaderService.swift */; };
		8D4298D8292278470064F3E6 /* BestPodcastsService.swift in Sources */ = {isa = PBXBuildFile; fileRef = 8D4298D7292278470064F3E6 /* BestPodcastsService.swift */; };
		8D4298DA29227A140064F3E6 /* PodcastDetailsService.swift in Sources */ = {isa = PBXBuildFile; fileRef = 8D4298D929227A140064F3E6 /* PodcastDetailsService.swift */; };
		8D4298DD29227CB60064F3E6 /* SharedComponentsiOSModule.framework in Frameworks */ = {isa = PBXBuildFile; fileRef = 8D4298DC29227CB60064F3E6 /* SharedComponentsiOSModule.framework */; };
		8D4298DE29227CB60064F3E6 /* SharedComponentsiOSModule.framework in Embed Frameworks */ = {isa = PBXBuildFile; fileRef = 8D4298DC29227CB60064F3E6 /* SharedComponentsiOSModule.framework */; settings = {ATTRIBUTES = (CodeSignOnCopy, RemoveHeadersOnCopy, ); }; };
		8D5C206528FE925E006CD42F /* URLSessionHTTPClient.framework in Frameworks */ = {isa = PBXBuildFile; fileRef = 8D5C206428FE925E006CD42F /* URLSessionHTTPClient.framework */; };
		8D5C206628FE925E006CD42F /* URLSessionHTTPClient.framework in Embed Frameworks */ = {isa = PBXBuildFile; fileRef = 8D5C206428FE925E006CD42F /* URLSessionHTTPClient.framework */; settings = {ATTRIBUTES = (CodeSignOnCopy, RemoveHeadersOnCopy, ); }; };
		8D5FA2492913C4C1002BB874 /* BestPodcastsViewAdapter.swift in Sources */ = {isa = PBXBuildFile; fileRef = 8D5FA2432913C4C1002BB874 /* BestPodcastsViewAdapter.swift */; };
		8D5FA24A2913C4C1002BB874 /* BestPodcastsUIComposer.swift in Sources */ = {isa = PBXBuildFile; fileRef = 8D5FA2442913C4C1002BB874 /* BestPodcastsUIComposer.swift */; };
		8D5FA24D2913C4C1002BB874 /* WeakRefVirtualProxy.swift in Sources */ = {isa = PBXBuildFile; fileRef = 8D5FA2472913C4C1002BB874 /* WeakRefVirtualProxy.swift */; };
		8D5FA2562913C539002BB874 /* PodcastCell+DSLHelpers.swift in Sources */ = {isa = PBXBuildFile; fileRef = 8D5FA2522913C539002BB874 /* PodcastCell+DSLHelpers.swift */; };
		8D5FA2572913C539002BB874 /* BestPodcasts+ListViewController+DSLHelpers.swift in Sources */ = {isa = PBXBuildFile; fileRef = 8D5FA2532913C539002BB874 /* BestPodcasts+ListViewController+DSLHelpers.swift */; };
		8D5FA2592913C539002BB874 /* BestPodcastsLoaderSpy.swift in Sources */ = {isa = PBXBuildFile; fileRef = 8D5FA2552913C539002BB874 /* BestPodcastsLoaderSpy.swift */; };
		8D5FA25B2913C574002BB874 /* BestPodcastsListUIIngtegrationTests.swift in Sources */ = {isa = PBXBuildFile; fileRef = 8D5FA25A2913C574002BB874 /* BestPodcastsListUIIngtegrationTests.swift */; };
		8D5FA2772913CBE5002BB874 /* HTTPClient+CombineHelpers.swift in Sources */ = {isa = PBXBuildFile; fileRef = 8D5FA2752913CAAB002BB874 /* HTTPClient+CombineHelpers.swift */; };
		8D5FA27A2913CC43002BB874 /* AnyPublisher+FallbackHelper.swift in Sources */ = {isa = PBXBuildFile; fileRef = 8D5FA2782913CC24002BB874 /* AnyPublisher+FallbackHelper.swift */; };
		8D5FA27D2913F869002BB874 /* BestPodcastsList+CombineHelpers.swift in Sources */ = {isa = PBXBuildFile; fileRef = 8D5FA27B2913CC90002BB874 /* BestPodcastsList+CombineHelpers.swift */; };
		8D72D03928F8118900C17DDC /* GenresViewAdapter.swift in Sources */ = {isa = PBXBuildFile; fileRef = 8D72D03428F8118900C17DDC /* GenresViewAdapter.swift */; };
		8D72D03A28F8118900C17DDC /* ImmediateWhenOnMainQueueScheduler.swift in Sources */ = {isa = PBXBuildFile; fileRef = 8D72D03528F8118900C17DDC /* ImmediateWhenOnMainQueueScheduler.swift */; };
		8D72D03D28F8118900C17DDC /* GenresUIComposer.swift in Sources */ = {isa = PBXBuildFile; fileRef = 8D72D03828F8118900C17DDC /* GenresUIComposer.swift */; };
		8D72D04728F8121C00C17DDC /* UIRefreshControl+DSLHelpers.swift in Sources */ = {isa = PBXBuildFile; fileRef = 8D72D04128F8121C00C17DDC /* UIRefreshControl+DSLHelpers.swift */; };
		8D72D04828F8121C00C17DDC /* GenreCell+DSLHelpers.swift in Sources */ = {isa = PBXBuildFile; fileRef = 8D72D04228F8121C00C17DDC /* GenreCell+DSLHelpers.swift */; };
		8D72D04928F8121C00C17DDC /* GenresListViewController+DSLHelpers.swift in Sources */ = {isa = PBXBuildFile; fileRef = 8D72D04328F8121C00C17DDC /* GenresListViewController+DSLHelpers.swift */; };
		8D72D04A28F8121C00C17DDC /* GenresListViewControllerTests+LoaderSpy.swift in Sources */ = {isa = PBXBuildFile; fileRef = 8D72D04428F8121C00C17DDC /* GenresListViewControllerTests+LoaderSpy.swift */; };
		8D72D05228F813CF00C17DDC /* UIColor+Extensions.swift in Sources */ = {isa = PBXBuildFile; fileRef = 8D72D05028F8137E00C17DDC /* UIColor+Extensions.swift */; };
		8D72D05628F8163E00C17DDC /* GenresUIIntegrationTests.swift in Sources */ = {isa = PBXBuildFile; fileRef = 8D72D04528F8121C00C17DDC /* GenresUIIntegrationTests.swift */; };
		8D72D05A28F826E100C17DDC /* SceneDelegate.swift in Sources */ = {isa = PBXBuildFile; fileRef = 8D72D05928F826E100C17DDC /* SceneDelegate.swift */; };
		8D72D06C28F82F2B00C17DDC /* SceneDelegateTests.swift in Sources */ = {isa = PBXBuildFile; fileRef = 8D72D06B28F82F2B00C17DDC /* SceneDelegateTests.swift */; };
		8D72D06E28F82FAA00C17DDC /* PodcatsAcceptanceTests.swift in Sources */ = {isa = PBXBuildFile; fileRef = 8D72D06D28F82FAA00C17DDC /* PodcatsAcceptanceTests.swift */; };
		8D72D07428F85C3B00C17DDC /* PodcastsGenresList+CombineHelpers.swift in Sources */ = {isa = PBXBuildFile; fileRef = 8D72D07228F85AC900C17DDC /* PodcastsGenresList+CombineHelpers.swift */; };
		8D75079229409BC6004500D9 /* AudioPlayerControlsSpy.swift in Sources */ = {isa = PBXBuildFile; fileRef = 8D75079129409BC6004500D9 /* AudioPlayerControlsSpy.swift */; };
		8D75079429409BE2004500D9 /* AudioPlayerClientDummy.swift in Sources */ = {isa = PBXBuildFile; fileRef = 8D75079329409BE2004500D9 /* AudioPlayerClientDummy.swift */; };
		8D75079629409FA9004500D9 /* UIAlertController+Helpers.swift in Sources */ = {isa = PBXBuildFile; fileRef = 8D75079529409FA9004500D9 /* UIAlertController+Helpers.swift */; };
		8D7509F029420921004500D9 /* EpisodeThumbnailLoaderService.swift in Sources */ = {isa = PBXBuildFile; fileRef = 8D7509EF29420921004500D9 /* EpisodeThumbnailLoaderService.swift */; };
		8D750B3029433862004500D9 /* ThumbnailUIComposer.swift in Sources */ = {isa = PBXBuildFile; fileRef = 8D750B2F29433862004500D9 /* ThumbnailUIComposer.swift */; };
		8D750C912947A2BF004500D9 /* StickyAudioPlayerUIIntegrationTests.swift in Sources */ = {isa = PBXBuildFile; fileRef = 8D750C902947A2BF004500D9 /* StickyAudioPlayerUIIntegrationTests.swift */; };
		8D750C952947A662004500D9 /* StickyAudioPlayerUIComposer.swift in Sources */ = {isa = PBXBuildFile; fileRef = 8D750C942947A662004500D9 /* StickyAudioPlayerUIComposer.swift */; };
		8D750C972947A6B6004500D9 /* StickyAudioPlayerPresentationAdapter.swift in Sources */ = {isa = PBXBuildFile; fileRef = 8D750C962947A6B6004500D9 /* StickyAudioPlayerPresentationAdapter.swift */; };
		8D750C9B2947A8B7004500D9 /* StickyAudioPlayerViewAdapter.swift in Sources */ = {isa = PBXBuildFile; fileRef = 8D750C9A2947A8B7004500D9 /* StickyAudioPlayerViewAdapter.swift */; };
		8D750CA02947B032004500D9 /* StickyAudioPlayerViewController+DSLHelpers.swift in Sources */ = {isa = PBXBuildFile; fileRef = 8D750C9F2947B032004500D9 /* StickyAudioPlayerViewController+DSLHelpers.swift */; };
		8D750CA32947B32C004500D9 /* AudioPlayerUI+SharedHelpers.swift in Sources */ = {isa = PBXBuildFile; fileRef = 8D750CA22947B32C004500D9 /* AudioPlayerUI+SharedHelpers.swift */; };
		8D750CAA29486F66004500D9 /* RootComposer.swift in Sources */ = {isa = PBXBuildFile; fileRef = 8D750CA929486F66004500D9 /* RootComposer.swift */; };
		8D750CB729487CE9004500D9 /* RootTabBarPresenter.swift in Sources */ = {isa = PBXBuildFile; fileRef = 8D750CB329487C5C004500D9 /* RootTabBarPresenter.swift */; };
		8D750CB929487D16004500D9 /* RootTabBarController.swift in Sources */ = {isa = PBXBuildFile; fileRef = 8D750CB829487D16004500D9 /* RootTabBarController.swift */; };
		8D750CBC29487DB9004500D9 /* RootTabBarControllerLocalizationTests.swift in Sources */ = {isa = PBXBuildFile; fileRef = 8D750CBB29487DB9004500D9 /* RootTabBarControllerLocalizationTests.swift */; };
		8D750CC029487E64004500D9 /* Main.strings in Resources */ = {isa = PBXBuildFile; fileRef = 8D750CC229487E64004500D9 /* Main.strings */; };
		8D750CE529488740004500D9 /* libSharedTestHelpersLibrary.a in Frameworks */ = {isa = PBXBuildFile; fileRef = 8D750CE429488740004500D9 /* libSharedTestHelpersLibrary.a */; };
		8D750CF629489F41004500D9 /* RootTabBarPresentationAdapter.swift in Sources */ = {isa = PBXBuildFile; fileRef = 8D750CF529489F41004500D9 /* RootTabBarPresentationAdapter.swift */; };
		8D750D022949D0FB004500D9 /* ThumbnailDynamicPresentationAdapter.swift in Sources */ = {isa = PBXBuildFile; fileRef = 8D750D012949D0FB004500D9 /* ThumbnailDynamicPresentationAdapter.swift */; };
		8D76B87428D4A2540014A211 /* AppDelegate.swift in Sources */ = {isa = PBXBuildFile; fileRef = 8D76B87328D4A2540014A211 /* AppDelegate.swift */; };
		8D76B87D28D4A2550014A211 /* Assets.xcassets in Resources */ = {isa = PBXBuildFile; fileRef = 8D76B87C28D4A2550014A211 /* Assets.xcassets */; };
		8D76B88028D4A2550014A211 /* LaunchScreen.storyboard in Resources */ = {isa = PBXBuildFile; fileRef = 8D76B87E28D4A2550014A211 /* LaunchScreen.storyboard */; };
		8D76B8A628D4A2B00014A211 /* PodcastsGenresList.framework in Frameworks */ = {isa = PBXBuildFile; fileRef = 8D76B8A428D4A2B00014A211 /* PodcastsGenresList.framework */; };
		8D76B8A728D4A2B00014A211 /* PodcastsGenresList.framework in Embed Frameworks */ = {isa = PBXBuildFile; fileRef = 8D76B8A428D4A2B00014A211 /* PodcastsGenresList.framework */; settings = {ATTRIBUTES = (CodeSignOnCopy, RemoveHeadersOnCopy, ); }; };
		8D76B8A828D4A2B00014A211 /* PodcastsGenresListiOS.framework in Frameworks */ = {isa = PBXBuildFile; fileRef = 8D76B8A528D4A2B00014A211 /* PodcastsGenresListiOS.framework */; };
		8D76B8A928D4A2B00014A211 /* PodcastsGenresListiOS.framework in Embed Frameworks */ = {isa = PBXBuildFile; fileRef = 8D76B8A528D4A2B00014A211 /* PodcastsGenresListiOS.framework */; settings = {ATTRIBUTES = (CodeSignOnCopy, RemoveHeadersOnCopy, ); }; };
		8D91860628F9976300DE19D1 /* HTTPClientStub.swift in Sources */ = {isa = PBXBuildFile; fileRef = 8D91860528F9976300DE19D1 /* HTTPClientStub.swift */; };
		8D91860828F9978300DE19D1 /* InMemoryGenresStore.swift in Sources */ = {isa = PBXBuildFile; fileRef = 8D91860728F9978300DE19D1 /* InMemoryGenresStore.swift */; };
		8D9B8702292D1CE5003B52AB /* LargeAudioPlayerUIIntegrationTests.swift in Sources */ = {isa = PBXBuildFile; fileRef = 8D9B8701292D1CE5003B52AB /* LargeAudioPlayerUIIntegrationTests.swift */; };
		8D9B873E2930C454003B52AB /* AudioPlayerModule.framework in Frameworks */ = {isa = PBXBuildFile; fileRef = 8D9B873C2930C454003B52AB /* AudioPlayerModule.framework */; };
		8D9B873F2930C454003B52AB /* AudioPlayerModule.framework in Embed Frameworks */ = {isa = PBXBuildFile; fileRef = 8D9B873C2930C454003B52AB /* AudioPlayerModule.framework */; settings = {ATTRIBUTES = (CodeSignOnCopy, RemoveHeadersOnCopy, ); }; };
		8D9B87402930C454003B52AB /* AudioPlayerModuleiOS.framework in Frameworks */ = {isa = PBXBuildFile; fileRef = 8D9B873D2930C454003B52AB /* AudioPlayerModuleiOS.framework */; };
		8D9B87412930C454003B52AB /* AudioPlayerModuleiOS.framework in Embed Frameworks */ = {isa = PBXBuildFile; fileRef = 8D9B873D2930C454003B52AB /* AudioPlayerModuleiOS.framework */; settings = {ATTRIBUTES = (CodeSignOnCopy, RemoveHeadersOnCopy, ); }; };
		8DB25F132924F44600CA156E /* PodcastHeaderReusableView+DSLHelpers.swift in Sources */ = {isa = PBXBuildFile; fileRef = 8DB25F122924F44600CA156E /* PodcastHeaderReusableView+DSLHelpers.swift */; };
		8DB9ADCC2951AF3800A6F1DF /* UISearchController+Helpers.swift in Sources */ = {isa = PBXBuildFile; fileRef = 8DB9ADCB2951AF3800A6F1DF /* UISearchController+Helpers.swift */; };
		8DB9ADCE2951B2A500A6F1DF /* TypeaheadListViewController+DSLHelpers.swift in Sources */ = {isa = PBXBuildFile; fileRef = 8DB9ADCD2951B2A500A6F1DF /* TypeaheadListViewController+DSLHelpers.swift */; };
		8DB9ADD02951B3EE00A6F1DF /* UITableViewCell+DSLHelpers.swift in Sources */ = {isa = PBXBuildFile; fileRef = 8DB9ADCF2951B3EE00A6F1DF /* UITableViewCell+DSLHelpers.swift */; };
		8DB9ADD22951E1E800A6F1DF /* NullObjectStateResourceView.swift in Sources */ = {isa = PBXBuildFile; fileRef = 8DB9ADD12951E1E800A6F1DF /* NullObjectStateResourceView.swift */; };
		8DB9ADD62952056200A6F1DF /* GeneralSearchUIIntegrationTests.swift in Sources */ = {isa = PBXBuildFile; fileRef = 8DB9ADD52952056200A6F1DF /* GeneralSearchUIIntegrationTests.swift */; };
		8DB9ADD929532A4C00A6F1DF /* GeneralSearch+ListViewController+DSLHelpers.swift in Sources */ = {isa = PBXBuildFile; fileRef = 8DB9ADD829532A4C00A6F1DF /* GeneralSearch+ListViewController+DSLHelpers.swift */; };
		8DCA227929313B4800DD1EC6 /* LargeAudioPlayerUIComposer.swift in Sources */ = {isa = PBXBuildFile; fileRef = 8DCA227829313B4800DD1EC6 /* LargeAudioPlayerUIComposer.swift */; };
		8DCA22892934AED800DD1EC6 /* LargeAudioPlayerPresentationAdapter.swift in Sources */ = {isa = PBXBuildFile; fileRef = 8DCA22882934AED800DD1EC6 /* LargeAudioPlayerPresentationAdapter.swift */; };
		8DCA228B2934B13300DD1EC6 /* LargeAudioPlayerViewAdapter.swift in Sources */ = {isa = PBXBuildFile; fileRef = 8DCA228A2934B13300DD1EC6 /* LargeAudioPlayerViewAdapter.swift */; };
		8DCA228E2934BA6F00DD1EC6 /* LargeAudioPlayerViewController+DSLHelpers.swift in Sources */ = {isa = PBXBuildFile; fileRef = 8DCA228D2934BA6F00DD1EC6 /* LargeAudioPlayerViewController+DSLHelpers.swift */; };
		8DDBB723291A810F0024A37A /* PodcastsModule.framework in Frameworks */ = {isa = PBXBuildFile; fileRef = 8DDBB721291A810F0024A37A /* PodcastsModule.framework */; };
		8DDBB724291A810F0024A37A /* PodcastsModule.framework in Embed Frameworks */ = {isa = PBXBuildFile; fileRef = 8DDBB721291A810F0024A37A /* PodcastsModule.framework */; settings = {ATTRIBUTES = (CodeSignOnCopy, RemoveHeadersOnCopy, ); }; };
		8DDBB725291A810F0024A37A /* PodcastsModuleiOS.framework in Frameworks */ = {isa = PBXBuildFile; fileRef = 8DDBB722291A810F0024A37A /* PodcastsModuleiOS.framework */; };
		8DDBB726291A810F0024A37A /* PodcastsModuleiOS.framework in Embed Frameworks */ = {isa = PBXBuildFile; fileRef = 8DDBB722291A810F0024A37A /* PodcastsModuleiOS.framework */; settings = {ATTRIBUTES = (CodeSignOnCopy, RemoveHeadersOnCopy, ); }; };
		8DDBB772291BC68A0024A37A /* PodcastDetailsUIComposer.swift in Sources */ = {isa = PBXBuildFile; fileRef = 8DDBB770291BC6170024A37A /* PodcastDetailsUIComposer.swift */; };
		8DDBB773291BC6E20024A37A /* PodcastDetailsUIIngtegrationTests.swift in Sources */ = {isa = PBXBuildFile; fileRef = 8DDBB76D291BC58C0024A37A /* PodcastDetailsUIIngtegrationTests.swift */; };
		8DDBB777291BD2F80024A37A /* PodcastDetailsViewAdapter.swift in Sources */ = {isa = PBXBuildFile; fileRef = 8DDBB776291BD2F80024A37A /* PodcastDetailsViewAdapter.swift */; };
		8DDBB778291BD2FD0024A37A /* GenericLoaderPresentationAdapter.swift in Sources */ = {isa = PBXBuildFile; fileRef = 8DDBB774291BD2A80024A37A /* GenericLoaderPresentationAdapter.swift */; };
		8DDBB77B291BD67F0024A37A /* PodcastDetailsLoaderSpy.swift in Sources */ = {isa = PBXBuildFile; fileRef = 8DDBB77A291BD67F0024A37A /* PodcastDetailsLoaderSpy.swift */; };
		8DDBB781291BDB5A0024A37A /* ListViewController+DSLHelpers.swift in Sources */ = {isa = PBXBuildFile; fileRef = 8DDBB780291BDB5A0024A37A /* ListViewController+DSLHelpers.swift */; };
		8DDBB783291BDEC70024A37A /* PodcastDetails+ListViewController+DSLHelpers.swift in Sources */ = {isa = PBXBuildFile; fileRef = 8DDBB782291BDEC70024A37A /* PodcastDetails+ListViewController+DSLHelpers.swift */; };
		8DDBB78F291BE27F0024A37A /* EpisodeCell+DSLHelpers.swift in Sources */ = {isa = PBXBuildFile; fileRef = 8DDBB78E291BE27F0024A37A /* EpisodeCell+DSLHelpers.swift */; };
		8DE32A4629110CF800830695 /* LoadResourcePresenter.framework in Frameworks */ = {isa = PBXBuildFile; fileRef = 8DE32A4529110CF800830695 /* LoadResourcePresenter.framework */; };
		8DE32A4729110CF800830695 /* LoadResourcePresenter.framework in Embed Frameworks */ = {isa = PBXBuildFile; fileRef = 8DE32A4529110CF800830695 /* LoadResourcePresenter.framework */; settings = {ATTRIBUTES = (CodeSignOnCopy, RemoveHeadersOnCopy, ); }; };
		8DEB7E1528FDDA9F003AF72F /* HTTPClient.framework in Frameworks */ = {isa = PBXBuildFile; fileRef = 8DEB7E1228FDDA9F003AF72F /* HTTPClient.framework */; };
		8DEB7E1628FDDA9F003AF72F /* HTTPClient.framework in Embed Frameworks */ = {isa = PBXBuildFile; fileRef = 8DEB7E1228FDDA9F003AF72F /* HTTPClient.framework */; settings = {ATTRIBUTES = (CodeSignOnCopy, RemoveHeadersOnCopy, ); }; };
/* End PBXBuildFile section */

/* Begin PBXContainerItemProxy section */
		8D76B88728D4A2560014A211 /* PBXContainerItemProxy */ = {
			isa = PBXContainerItemProxy;
			containerPortal = 8D76B86828D4A2540014A211 /* Project object */;
			proxyType = 1;
			remoteGlobalIDString = 8D76B86F28D4A2540014A211;
			remoteInfo = PodcatsAppiOS;
		};
/* End PBXContainerItemProxy section */

/* Begin PBXCopyFilesBuildPhase section */
		8D76B8AA28D4A2B00014A211 /* Embed Frameworks */ = {
			isa = PBXCopyFilesBuildPhase;
			buildActionMask = 2147483647;
			dstPath = "";
			dstSubfolderSpec = 10;
			files = (
				8DDBB726291A810F0024A37A /* PodcastsModuleiOS.framework in Embed Frameworks */,
				8D76B8A728D4A2B00014A211 /* PodcastsGenresList.framework in Embed Frameworks */,
				8D76B8A928D4A2B00014A211 /* PodcastsGenresListiOS.framework in Embed Frameworks */,
				8D0BE4982950A02A00B4171A /* SearchContentModuleiOS.framework in Embed Frameworks */,
				8DE32A4729110CF800830695 /* LoadResourcePresenter.framework in Embed Frameworks */,
				8DDBB724291A810F0024A37A /* PodcastsModule.framework in Embed Frameworks */,
				8D4298DE29227CB60064F3E6 /* SharedComponentsiOSModule.framework in Embed Frameworks */,
				8D5C206628FE925E006CD42F /* URLSessionHTTPClient.framework in Embed Frameworks */,
				8D2490D72938FAA1009ACD36 /* AVPlayerClient.framework in Embed Frameworks */,
				8D0BE4962950A02A00B4171A /* SearchContentModule.framework in Embed Frameworks */,
				8D9B873F2930C454003B52AB /* AudioPlayerModule.framework in Embed Frameworks */,
				8D9B87412930C454003B52AB /* AudioPlayerModuleiOS.framework in Embed Frameworks */,
				8DEB7E1628FDDA9F003AF72F /* HTTPClient.framework in Embed Frameworks */,
			);
			name = "Embed Frameworks";
			runOnlyForDeploymentPostprocessing = 0;
		};
/* End PBXCopyFilesBuildPhase section */

/* Begin PBXFileReference section */
		8D0BE4852950996400B4171A /* TypeaheadSearchUIComposer.swift */ = {isa = PBXFileReference; lastKnownFileType = sourcecode.swift; path = TypeaheadSearchUIComposer.swift; sourceTree = "<group>"; };
		8D0BE48829509B3C00B4171A /* TypeaheadSearchViewAdapter.swift */ = {isa = PBXFileReference; lastKnownFileType = sourcecode.swift; path = TypeaheadSearchViewAdapter.swift; sourceTree = "<group>"; };
		8D0BE48A29509B7700B4171A /* TypeaheadSearchPresentationAdapter.swift */ = {isa = PBXFileReference; lastKnownFileType = sourcecode.swift; path = TypeaheadSearchPresentationAdapter.swift; sourceTree = "<group>"; };
		8D0BE4932950A02A00B4171A /* SearchContentModule.framework */ = {isa = PBXFileReference; explicitFileType = wrapper.framework; path = SearchContentModule.framework; sourceTree = BUILT_PRODUCTS_DIR; };
		8D0BE4942950A02A00B4171A /* SearchContentModuleiOS.framework */ = {isa = PBXFileReference; explicitFileType = wrapper.framework; path = SearchContentModuleiOS.framework; sourceTree = BUILT_PRODUCTS_DIR; };
		8D0BE49C2950A5D000B4171A /* TypeaheadSearchUIIntegrationTests.swift */ = {isa = PBXFileReference; lastKnownFileType = sourcecode.swift; path = TypeaheadSearchUIIntegrationTests.swift; sourceTree = "<group>"; };
		8D0BE4A52950B19A00B4171A /* GeneralSearchUIComposer.swift */ = {isa = PBXFileReference; lastKnownFileType = sourcecode.swift; path = GeneralSearchUIComposer.swift; sourceTree = "<group>"; };
		8D0BE4A82950B24C00B4171A /* GeneralSearchViewAdapter.swift */ = {isa = PBXFileReference; lastKnownFileType = sourcecode.swift; path = GeneralSearchViewAdapter.swift; sourceTree = "<group>"; };
		8D1A4B282954938600825E60 /* SearchPodcastCell+DSLHelpers.swift */ = {isa = PBXFileReference; lastKnownFileType = sourcecode.swift; path = "SearchPodcastCell+DSLHelpers.swift"; sourceTree = "<group>"; };
		8D1A4B2A2955B5D900825E60 /* GeneralSearch+ModelsHelpers.swift */ = {isa = PBXFileReference; lastKnownFileType = sourcecode.swift; path = "GeneralSearch+ModelsHelpers.swift"; sourceTree = "<group>"; };
		8D1A4B2D2955C8FB00825E60 /* SearchCoordinator.swift */ = {isa = PBXFileReference; lastKnownFileType = sourcecode.swift; path = SearchCoordinator.swift; sourceTree = "<group>"; };
		8D1A4B312955C96F00825E60 /* GeneralSearchService.swift */ = {isa = PBXFileReference; lastKnownFileType = sourcecode.swift; path = GeneralSearchService.swift; sourceTree = "<group>"; };
		8D1A4B3B2955DA0800825E60 /* TypeaheadSearchService.swift */ = {isa = PBXFileReference; lastKnownFileType = sourcecode.swift; path = TypeaheadSearchService.swift; sourceTree = "<group>"; };
		8D2490D52938FAA1009ACD36 /* AVPlayerClient.framework */ = {isa = PBXFileReference; explicitFileType = wrapper.framework; path = AVPlayerClient.framework; sourceTree = BUILT_PRODUCTS_DIR; };
		8D2EFC1B295EF2FB00D96806 /* AudioPlayerStatePublishers.swift */ = {isa = PBXFileReference; lastKnownFileType = sourcecode.swift; path = AudioPlayerStatePublishers.swift; sourceTree = "<group>"; };
		8D2EFC23295F401400D96806 /* PlaybackProgressCacheDummy.swift */ = {isa = PBXFileReference; lastKnownFileType = sourcecode.swift; path = PlaybackProgressCacheDummy.swift; sourceTree = "<group>"; };
		8D2EFC26296440A600D96806 /* InMemoryPlaybackProgressCache.swift */ = {isa = PBXFileReference; lastKnownFileType = sourcecode.swift; path = InMemoryPlaybackProgressCache.swift; sourceTree = "<group>"; };
		8D3621F22959C43200967634 /* LocalizationTestsHelper.swift */ = {isa = PBXFileReference; lastKnownFileType = sourcecode.swift; path = LocalizationTestsHelper.swift; sourceTree = "<group>"; };
		8D3621F42959CF5600967634 /* RootTabBarCoordinator.swift */ = {isa = PBXFileReference; lastKnownFileType = sourcecode.swift; path = RootTabBarCoordinator.swift; sourceTree = "<group>"; };
		8D3621F72959D1E300967634 /* PodcastsImageDataStoreContainer.swift */ = {isa = PBXFileReference; lastKnownFileType = sourcecode.swift; path = PodcastsImageDataStoreContainer.swift; sourceTree = "<group>"; };
		8D3621F92959D64700967634 /* LargePlayerControlDelegate.swift */ = {isa = PBXFileReference; lastKnownFileType = sourcecode.swift; path = LargePlayerControlDelegate.swift; sourceTree = "<group>"; };
		8D362207295AF57F00967634 /* Episode+PlayingEpisode.swift */ = {isa = PBXFileReference; lastKnownFileType = sourcecode.swift; path = "Episode+PlayingEpisode.swift"; sourceTree = "<group>"; };
		8D362209295AF58C00967634 /* Podcast+PlayingPodcast.swift */ = {isa = PBXFileReference; lastKnownFileType = sourcecode.swift; path = "Podcast+PlayingPodcast.swift"; sourceTree = "<group>"; };
		8D362210295AF72F00967634 /* SearchResultEpisode+PlayingEpisode.swift */ = {isa = PBXFileReference; lastKnownFileType = sourcecode.swift; path = "SearchResultEpisode+PlayingEpisode.swift"; sourceTree = "<group>"; };
		8D362212295AF73B00967634 /* SearchResultPodcast+PlayingPodcast.swift */ = {isa = PBXFileReference; lastKnownFileType = sourcecode.swift; path = "SearchResultPodcast+PlayingPodcast.swift"; sourceTree = "<group>"; };
		8D36263E295DDB1800967634 /* LocalPlaybackProgressLoader+CombineHelpers.swift */ = {isa = PBXFileReference; lastKnownFileType = sourcecode.swift; path = "LocalPlaybackProgressLoader+CombineHelpers.swift"; sourceTree = "<group>"; };
		8D3C22302950B82A007D158E /* GeneralSearchSourceDelegate.swift */ = {isa = PBXFileReference; lastKnownFileType = sourcecode.swift; path = GeneralSearchSourceDelegate.swift; sourceTree = "<group>"; };
		8D3C22322950B882007D158E /* GeneralSearchPresentationAdapter.swift */ = {isa = PBXFileReference; lastKnownFileType = sourcecode.swift; path = GeneralSearchPresentationAdapter.swift; sourceTree = "<group>"; };
		8D3C22362950C872007D158E /* ThumbnailSourceDelegate.swift */ = {isa = PBXFileReference; lastKnownFileType = sourcecode.swift; path = ThumbnailSourceDelegate.swift; sourceTree = "<group>"; };
		8D4298C2292242E70064F3E6 /* UIImage+Extensions.swift */ = {isa = PBXFileReference; lastKnownFileType = sourcecode.swift; path = "UIImage+Extensions.swift"; sourceTree = "<group>"; };
		8D4298D22922740F0064F3E6 /* ExploreCoordinator.swift */ = {isa = PBXFileReference; lastKnownFileType = sourcecode.swift; path = ExploreCoordinator.swift; sourceTree = "<group>"; };
		8D4298D4292277AC0064F3E6 /* GenresLoaderService.swift */ = {isa = PBXFileReference; lastKnownFileType = sourcecode.swift; path = GenresLoaderService.swift; sourceTree = "<group>"; };
		8D4298D7292278470064F3E6 /* BestPodcastsService.swift */ = {isa = PBXFileReference; lastKnownFileType = sourcecode.swift; path = BestPodcastsService.swift; sourceTree = "<group>"; };
		8D4298D929227A140064F3E6 /* PodcastDetailsService.swift */ = {isa = PBXFileReference; lastKnownFileType = sourcecode.swift; path = PodcastDetailsService.swift; sourceTree = "<group>"; };
		8D4298DC29227CB60064F3E6 /* SharedComponentsiOSModule.framework */ = {isa = PBXFileReference; explicitFileType = wrapper.framework; path = SharedComponentsiOSModule.framework; sourceTree = BUILT_PRODUCTS_DIR; };
		8D5C206428FE925E006CD42F /* URLSessionHTTPClient.framework */ = {isa = PBXFileReference; explicitFileType = wrapper.framework; path = URLSessionHTTPClient.framework; sourceTree = BUILT_PRODUCTS_DIR; };
		8D5FA2432913C4C1002BB874 /* BestPodcastsViewAdapter.swift */ = {isa = PBXFileReference; fileEncoding = 4; lastKnownFileType = sourcecode.swift; path = BestPodcastsViewAdapter.swift; sourceTree = "<group>"; };
		8D5FA2442913C4C1002BB874 /* BestPodcastsUIComposer.swift */ = {isa = PBXFileReference; fileEncoding = 4; lastKnownFileType = sourcecode.swift; path = BestPodcastsUIComposer.swift; sourceTree = "<group>"; };
		8D5FA2472913C4C1002BB874 /* WeakRefVirtualProxy.swift */ = {isa = PBXFileReference; fileEncoding = 4; lastKnownFileType = sourcecode.swift; path = WeakRefVirtualProxy.swift; sourceTree = "<group>"; };
		8D5FA2522913C539002BB874 /* PodcastCell+DSLHelpers.swift */ = {isa = PBXFileReference; fileEncoding = 4; lastKnownFileType = sourcecode.swift; path = "PodcastCell+DSLHelpers.swift"; sourceTree = "<group>"; };
		8D5FA2532913C539002BB874 /* BestPodcasts+ListViewController+DSLHelpers.swift */ = {isa = PBXFileReference; fileEncoding = 4; lastKnownFileType = sourcecode.swift; path = "BestPodcasts+ListViewController+DSLHelpers.swift"; sourceTree = "<group>"; };
		8D5FA2552913C539002BB874 /* BestPodcastsLoaderSpy.swift */ = {isa = PBXFileReference; fileEncoding = 4; lastKnownFileType = sourcecode.swift; path = BestPodcastsLoaderSpy.swift; sourceTree = "<group>"; };
		8D5FA25A2913C574002BB874 /* BestPodcastsListUIIngtegrationTests.swift */ = {isa = PBXFileReference; fileEncoding = 4; lastKnownFileType = sourcecode.swift; path = BestPodcastsListUIIngtegrationTests.swift; sourceTree = "<group>"; };
		8D5FA25C2913C611002BB874 /* BestPodcastsList.framework */ = {isa = PBXFileReference; explicitFileType = wrapper.framework; path = BestPodcastsList.framework; sourceTree = BUILT_PRODUCTS_DIR; };
		8D5FA25D2913C611002BB874 /* BestPodcastsListiOS.framework */ = {isa = PBXFileReference; explicitFileType = wrapper.framework; path = BestPodcastsListiOS.framework; sourceTree = BUILT_PRODUCTS_DIR; };
		8D5FA2752913CAAB002BB874 /* HTTPClient+CombineHelpers.swift */ = {isa = PBXFileReference; lastKnownFileType = sourcecode.swift; path = "HTTPClient+CombineHelpers.swift"; sourceTree = "<group>"; };
		8D5FA2782913CC24002BB874 /* AnyPublisher+FallbackHelper.swift */ = {isa = PBXFileReference; lastKnownFileType = sourcecode.swift; path = "AnyPublisher+FallbackHelper.swift"; sourceTree = "<group>"; };
		8D5FA27B2913CC90002BB874 /* BestPodcastsList+CombineHelpers.swift */ = {isa = PBXFileReference; lastKnownFileType = sourcecode.swift; path = "BestPodcastsList+CombineHelpers.swift"; sourceTree = "<group>"; };
		8D72D03428F8118900C17DDC /* GenresViewAdapter.swift */ = {isa = PBXFileReference; fileEncoding = 4; lastKnownFileType = sourcecode.swift; path = GenresViewAdapter.swift; sourceTree = "<group>"; };
		8D72D03528F8118900C17DDC /* ImmediateWhenOnMainQueueScheduler.swift */ = {isa = PBXFileReference; fileEncoding = 4; lastKnownFileType = sourcecode.swift; path = ImmediateWhenOnMainQueueScheduler.swift; sourceTree = "<group>"; };
		8D72D03828F8118900C17DDC /* GenresUIComposer.swift */ = {isa = PBXFileReference; fileEncoding = 4; lastKnownFileType = sourcecode.swift; path = GenresUIComposer.swift; sourceTree = "<group>"; };
		8D72D04128F8121C00C17DDC /* UIRefreshControl+DSLHelpers.swift */ = {isa = PBXFileReference; fileEncoding = 4; lastKnownFileType = sourcecode.swift; path = "UIRefreshControl+DSLHelpers.swift"; sourceTree = "<group>"; };
		8D72D04228F8121C00C17DDC /* GenreCell+DSLHelpers.swift */ = {isa = PBXFileReference; fileEncoding = 4; lastKnownFileType = sourcecode.swift; path = "GenreCell+DSLHelpers.swift"; sourceTree = "<group>"; };
		8D72D04328F8121C00C17DDC /* GenresListViewController+DSLHelpers.swift */ = {isa = PBXFileReference; fileEncoding = 4; lastKnownFileType = sourcecode.swift; path = "GenresListViewController+DSLHelpers.swift"; sourceTree = "<group>"; };
		8D72D04428F8121C00C17DDC /* GenresListViewControllerTests+LoaderSpy.swift */ = {isa = PBXFileReference; fileEncoding = 4; lastKnownFileType = sourcecode.swift; path = "GenresListViewControllerTests+LoaderSpy.swift"; sourceTree = "<group>"; };
		8D72D04528F8121C00C17DDC /* GenresUIIntegrationTests.swift */ = {isa = PBXFileReference; fileEncoding = 4; lastKnownFileType = sourcecode.swift; path = GenresUIIntegrationTests.swift; sourceTree = "<group>"; };
		8D72D05028F8137E00C17DDC /* UIColor+Extensions.swift */ = {isa = PBXFileReference; fileEncoding = 4; lastKnownFileType = sourcecode.swift; path = "UIColor+Extensions.swift"; sourceTree = "<group>"; };
		8D72D05928F826E100C17DDC /* SceneDelegate.swift */ = {isa = PBXFileReference; lastKnownFileType = sourcecode.swift; path = SceneDelegate.swift; sourceTree = "<group>"; };
		8D72D06B28F82F2B00C17DDC /* SceneDelegateTests.swift */ = {isa = PBXFileReference; lastKnownFileType = sourcecode.swift; path = SceneDelegateTests.swift; sourceTree = "<group>"; };
		8D72D06D28F82FAA00C17DDC /* PodcatsAcceptanceTests.swift */ = {isa = PBXFileReference; lastKnownFileType = sourcecode.swift; path = PodcatsAcceptanceTests.swift; sourceTree = "<group>"; };
		8D72D07228F85AC900C17DDC /* PodcastsGenresList+CombineHelpers.swift */ = {isa = PBXFileReference; lastKnownFileType = sourcecode.swift; path = "PodcastsGenresList+CombineHelpers.swift"; sourceTree = "<group>"; };
		8D75079129409BC6004500D9 /* AudioPlayerControlsSpy.swift */ = {isa = PBXFileReference; lastKnownFileType = sourcecode.swift; path = AudioPlayerControlsSpy.swift; sourceTree = "<group>"; };
		8D75079329409BE2004500D9 /* AudioPlayerClientDummy.swift */ = {isa = PBXFileReference; lastKnownFileType = sourcecode.swift; path = AudioPlayerClientDummy.swift; sourceTree = "<group>"; };
		8D75079529409FA9004500D9 /* UIAlertController+Helpers.swift */ = {isa = PBXFileReference; lastKnownFileType = sourcecode.swift; path = "UIAlertController+Helpers.swift"; sourceTree = "<group>"; };
		8D7509EF29420921004500D9 /* EpisodeThumbnailLoaderService.swift */ = {isa = PBXFileReference; lastKnownFileType = sourcecode.swift; path = EpisodeThumbnailLoaderService.swift; sourceTree = "<group>"; };
		8D750B2F29433862004500D9 /* ThumbnailUIComposer.swift */ = {isa = PBXFileReference; lastKnownFileType = sourcecode.swift; path = ThumbnailUIComposer.swift; sourceTree = "<group>"; };
		8D750C902947A2BF004500D9 /* StickyAudioPlayerUIIntegrationTests.swift */ = {isa = PBXFileReference; lastKnownFileType = sourcecode.swift; path = StickyAudioPlayerUIIntegrationTests.swift; sourceTree = "<group>"; };
		8D750C942947A662004500D9 /* StickyAudioPlayerUIComposer.swift */ = {isa = PBXFileReference; lastKnownFileType = sourcecode.swift; path = StickyAudioPlayerUIComposer.swift; sourceTree = "<group>"; };
		8D750C962947A6B6004500D9 /* StickyAudioPlayerPresentationAdapter.swift */ = {isa = PBXFileReference; lastKnownFileType = sourcecode.swift; path = StickyAudioPlayerPresentationAdapter.swift; sourceTree = "<group>"; };
		8D750C9A2947A8B7004500D9 /* StickyAudioPlayerViewAdapter.swift */ = {isa = PBXFileReference; lastKnownFileType = sourcecode.swift; path = StickyAudioPlayerViewAdapter.swift; sourceTree = "<group>"; };
		8D750C9F2947B032004500D9 /* StickyAudioPlayerViewController+DSLHelpers.swift */ = {isa = PBXFileReference; lastKnownFileType = sourcecode.swift; path = "StickyAudioPlayerViewController+DSLHelpers.swift"; sourceTree = "<group>"; };
		8D750CA22947B32C004500D9 /* AudioPlayerUI+SharedHelpers.swift */ = {isa = PBXFileReference; lastKnownFileType = sourcecode.swift; path = "AudioPlayerUI+SharedHelpers.swift"; sourceTree = "<group>"; };
		8D750CA929486F66004500D9 /* RootComposer.swift */ = {isa = PBXFileReference; lastKnownFileType = sourcecode.swift; path = RootComposer.swift; sourceTree = "<group>"; };
		8D750CB329487C5C004500D9 /* RootTabBarPresenter.swift */ = {isa = PBXFileReference; lastKnownFileType = sourcecode.swift; path = RootTabBarPresenter.swift; sourceTree = "<group>"; };
		8D750CB829487D16004500D9 /* RootTabBarController.swift */ = {isa = PBXFileReference; lastKnownFileType = sourcecode.swift; path = RootTabBarController.swift; sourceTree = "<group>"; };
		8D750CBB29487DB9004500D9 /* RootTabBarControllerLocalizationTests.swift */ = {isa = PBXFileReference; lastKnownFileType = sourcecode.swift; path = RootTabBarControllerLocalizationTests.swift; sourceTree = "<group>"; };
		8D750CC129487E64004500D9 /* en */ = {isa = PBXFileReference; lastKnownFileType = text.plist.strings; name = en; path = en.lproj/Main.strings; sourceTree = "<group>"; };
		8D750CC429487E9B004500D9 /* uk */ = {isa = PBXFileReference; lastKnownFileType = text.plist.strings; name = uk; path = uk.lproj/Main.strings; sourceTree = "<group>"; };
		8D750CC529487FBC004500D9 /* en */ = {isa = PBXFileReference; lastKnownFileType = file.storyboard; name = en; path = en.lproj/LaunchScreen.storyboard; sourceTree = "<group>"; };
		8D750CC629487FC8004500D9 /* uk */ = {isa = PBXFileReference; lastKnownFileType = file.storyboard; name = uk; path = uk.lproj/LaunchScreen.storyboard; sourceTree = "<group>"; };
		8D750CE22948872A004500D9 /* libSharedTestHelpersLibrary.a */ = {isa = PBXFileReference; explicitFileType = archive.ar; path = libSharedTestHelpersLibrary.a; sourceTree = BUILT_PRODUCTS_DIR; };
		8D750CE429488740004500D9 /* libSharedTestHelpersLibrary.a */ = {isa = PBXFileReference; explicitFileType = archive.ar; path = libSharedTestHelpersLibrary.a; sourceTree = BUILT_PRODUCTS_DIR; };
		8D750CF529489F41004500D9 /* RootTabBarPresentationAdapter.swift */ = {isa = PBXFileReference; lastKnownFileType = sourcecode.swift; path = RootTabBarPresentationAdapter.swift; sourceTree = "<group>"; };
		8D750D012949D0FB004500D9 /* ThumbnailDynamicPresentationAdapter.swift */ = {isa = PBXFileReference; lastKnownFileType = sourcecode.swift; path = ThumbnailDynamicPresentationAdapter.swift; sourceTree = "<group>"; };
		8D76B87028D4A2540014A211 /* Podcats.app */ = {isa = PBXFileReference; explicitFileType = wrapper.application; includeInIndex = 0; path = Podcats.app; sourceTree = BUILT_PRODUCTS_DIR; };
		8D76B87328D4A2540014A211 /* AppDelegate.swift */ = {isa = PBXFileReference; lastKnownFileType = sourcecode.swift; path = AppDelegate.swift; sourceTree = "<group>"; };
		8D76B87C28D4A2550014A211 /* Assets.xcassets */ = {isa = PBXFileReference; lastKnownFileType = folder.assetcatalog; path = Assets.xcassets; sourceTree = "<group>"; };
		8D76B88128D4A2550014A211 /* Info.plist */ = {isa = PBXFileReference; lastKnownFileType = text.plist.xml; path = Info.plist; sourceTree = "<group>"; };
		8D76B88628D4A2560014A211 /* PodcatsAppiOSTests.xctest */ = {isa = PBXFileReference; explicitFileType = wrapper.cfbundle; includeInIndex = 0; path = PodcatsAppiOSTests.xctest; sourceTree = BUILT_PRODUCTS_DIR; };
		8D76B8A428D4A2B00014A211 /* PodcastsGenresList.framework */ = {isa = PBXFileReference; explicitFileType = wrapper.framework; path = PodcastsGenresList.framework; sourceTree = BUILT_PRODUCTS_DIR; };
		8D76B8A528D4A2B00014A211 /* PodcastsGenresListiOS.framework */ = {isa = PBXFileReference; explicitFileType = wrapper.framework; path = PodcastsGenresListiOS.framework; sourceTree = BUILT_PRODUCTS_DIR; };
		8D91860528F9976300DE19D1 /* HTTPClientStub.swift */ = {isa = PBXFileReference; lastKnownFileType = sourcecode.swift; path = HTTPClientStub.swift; sourceTree = "<group>"; };
		8D91860728F9978300DE19D1 /* InMemoryGenresStore.swift */ = {isa = PBXFileReference; lastKnownFileType = sourcecode.swift; path = InMemoryGenresStore.swift; sourceTree = "<group>"; };
		8D9B8701292D1CE5003B52AB /* LargeAudioPlayerUIIntegrationTests.swift */ = {isa = PBXFileReference; lastKnownFileType = sourcecode.swift; path = LargeAudioPlayerUIIntegrationTests.swift; sourceTree = "<group>"; };
		8D9B873C2930C454003B52AB /* AudioPlayerModule.framework */ = {isa = PBXFileReference; explicitFileType = wrapper.framework; path = AudioPlayerModule.framework; sourceTree = BUILT_PRODUCTS_DIR; };
		8D9B873D2930C454003B52AB /* AudioPlayerModuleiOS.framework */ = {isa = PBXFileReference; explicitFileType = wrapper.framework; path = AudioPlayerModuleiOS.framework; sourceTree = BUILT_PRODUCTS_DIR; };
		8DB25F122924F44600CA156E /* PodcastHeaderReusableView+DSLHelpers.swift */ = {isa = PBXFileReference; lastKnownFileType = sourcecode.swift; path = "PodcastHeaderReusableView+DSLHelpers.swift"; sourceTree = "<group>"; };
		8DB9ADCB2951AF3800A6F1DF /* UISearchController+Helpers.swift */ = {isa = PBXFileReference; lastKnownFileType = sourcecode.swift; path = "UISearchController+Helpers.swift"; sourceTree = "<group>"; };
		8DB9ADCD2951B2A500A6F1DF /* TypeaheadListViewController+DSLHelpers.swift */ = {isa = PBXFileReference; lastKnownFileType = sourcecode.swift; path = "TypeaheadListViewController+DSLHelpers.swift"; sourceTree = "<group>"; };
		8DB9ADCF2951B3EE00A6F1DF /* UITableViewCell+DSLHelpers.swift */ = {isa = PBXFileReference; lastKnownFileType = sourcecode.swift; path = "UITableViewCell+DSLHelpers.swift"; sourceTree = "<group>"; };
		8DB9ADD12951E1E800A6F1DF /* NullObjectStateResourceView.swift */ = {isa = PBXFileReference; lastKnownFileType = sourcecode.swift; path = NullObjectStateResourceView.swift; sourceTree = "<group>"; };
		8DB9ADD52952056200A6F1DF /* GeneralSearchUIIntegrationTests.swift */ = {isa = PBXFileReference; lastKnownFileType = sourcecode.swift; path = GeneralSearchUIIntegrationTests.swift; sourceTree = "<group>"; };
		8DB9ADD829532A4C00A6F1DF /* GeneralSearch+ListViewController+DSLHelpers.swift */ = {isa = PBXFileReference; lastKnownFileType = sourcecode.swift; path = "GeneralSearch+ListViewController+DSLHelpers.swift"; sourceTree = "<group>"; };
		8DCA227829313B4800DD1EC6 /* LargeAudioPlayerUIComposer.swift */ = {isa = PBXFileReference; lastKnownFileType = sourcecode.swift; path = LargeAudioPlayerUIComposer.swift; sourceTree = "<group>"; };
		8DCA22882934AED800DD1EC6 /* LargeAudioPlayerPresentationAdapter.swift */ = {isa = PBXFileReference; lastKnownFileType = sourcecode.swift; path = LargeAudioPlayerPresentationAdapter.swift; sourceTree = "<group>"; };
		8DCA228A2934B13300DD1EC6 /* LargeAudioPlayerViewAdapter.swift */ = {isa = PBXFileReference; lastKnownFileType = sourcecode.swift; path = LargeAudioPlayerViewAdapter.swift; sourceTree = "<group>"; };
		8DCA228D2934BA6F00DD1EC6 /* LargeAudioPlayerViewController+DSLHelpers.swift */ = {isa = PBXFileReference; lastKnownFileType = sourcecode.swift; path = "LargeAudioPlayerViewController+DSLHelpers.swift"; sourceTree = "<group>"; };
		8DDBB721291A810F0024A37A /* PodcastsModule.framework */ = {isa = PBXFileReference; explicitFileType = wrapper.framework; path = PodcastsModule.framework; sourceTree = BUILT_PRODUCTS_DIR; };
		8DDBB722291A810F0024A37A /* PodcastsModuleiOS.framework */ = {isa = PBXFileReference; explicitFileType = wrapper.framework; path = PodcastsModuleiOS.framework; sourceTree = BUILT_PRODUCTS_DIR; };
		8DDBB76D291BC58C0024A37A /* PodcastDetailsUIIngtegrationTests.swift */ = {isa = PBXFileReference; lastKnownFileType = sourcecode.swift; path = PodcastDetailsUIIngtegrationTests.swift; sourceTree = "<group>"; };
		8DDBB770291BC6170024A37A /* PodcastDetailsUIComposer.swift */ = {isa = PBXFileReference; lastKnownFileType = sourcecode.swift; path = PodcastDetailsUIComposer.swift; sourceTree = "<group>"; };
		8DDBB774291BD2A80024A37A /* GenericLoaderPresentationAdapter.swift */ = {isa = PBXFileReference; lastKnownFileType = sourcecode.swift; path = GenericLoaderPresentationAdapter.swift; sourceTree = "<group>"; };
		8DDBB776291BD2F80024A37A /* PodcastDetailsViewAdapter.swift */ = {isa = PBXFileReference; lastKnownFileType = sourcecode.swift; path = PodcastDetailsViewAdapter.swift; sourceTree = "<group>"; };
		8DDBB77A291BD67F0024A37A /* PodcastDetailsLoaderSpy.swift */ = {isa = PBXFileReference; lastKnownFileType = sourcecode.swift; path = PodcastDetailsLoaderSpy.swift; sourceTree = "<group>"; };
		8DDBB780291BDB5A0024A37A /* ListViewController+DSLHelpers.swift */ = {isa = PBXFileReference; lastKnownFileType = sourcecode.swift; path = "ListViewController+DSLHelpers.swift"; sourceTree = "<group>"; };
		8DDBB782291BDEC70024A37A /* PodcastDetails+ListViewController+DSLHelpers.swift */ = {isa = PBXFileReference; lastKnownFileType = sourcecode.swift; path = "PodcastDetails+ListViewController+DSLHelpers.swift"; sourceTree = "<group>"; };
		8DDBB78E291BE27F0024A37A /* EpisodeCell+DSLHelpers.swift */ = {isa = PBXFileReference; lastKnownFileType = sourcecode.swift; path = "EpisodeCell+DSLHelpers.swift"; sourceTree = "<group>"; };
		8DE32A4529110CF800830695 /* LoadResourcePresenter.framework */ = {isa = PBXFileReference; explicitFileType = wrapper.framework; path = LoadResourcePresenter.framework; sourceTree = BUILT_PRODUCTS_DIR; };
		8DEB7E1128FDDA9F003AF72F /* BestPodcastsList.framework */ = {isa = PBXFileReference; explicitFileType = wrapper.framework; path = BestPodcastsList.framework; sourceTree = BUILT_PRODUCTS_DIR; };
		8DEB7E1228FDDA9F003AF72F /* HTTPClient.framework */ = {isa = PBXFileReference; explicitFileType = wrapper.framework; path = HTTPClient.framework; sourceTree = BUILT_PRODUCTS_DIR; };
/* End PBXFileReference section */

/* Begin PBXFrameworksBuildPhase section */
		8D76B86D28D4A2540014A211 /* Frameworks */ = {
			isa = PBXFrameworksBuildPhase;
			buildActionMask = 2147483647;
			files = (
				8DDBB725291A810F0024A37A /* PodcastsModuleiOS.framework in Frameworks */,
				8D76B8A628D4A2B00014A211 /* PodcastsGenresList.framework in Frameworks */,
				8D76B8A828D4A2B00014A211 /* PodcastsGenresListiOS.framework in Frameworks */,
				8D0BE4972950A02A00B4171A /* SearchContentModuleiOS.framework in Frameworks */,
				8DE32A4629110CF800830695 /* LoadResourcePresenter.framework in Frameworks */,
				8DDBB723291A810F0024A37A /* PodcastsModule.framework in Frameworks */,
				8D4298DD29227CB60064F3E6 /* SharedComponentsiOSModule.framework in Frameworks */,
				8D5C206528FE925E006CD42F /* URLSessionHTTPClient.framework in Frameworks */,
				8D2490D62938FAA1009ACD36 /* AVPlayerClient.framework in Frameworks */,
				8D0BE4952950A02A00B4171A /* SearchContentModule.framework in Frameworks */,
				8D9B873E2930C454003B52AB /* AudioPlayerModule.framework in Frameworks */,
				8D9B87402930C454003B52AB /* AudioPlayerModuleiOS.framework in Frameworks */,
				8DEB7E1528FDDA9F003AF72F /* HTTPClient.framework in Frameworks */,
			);
			runOnlyForDeploymentPostprocessing = 0;
		};
		8D76B88328D4A2560014A211 /* Frameworks */ = {
			isa = PBXFrameworksBuildPhase;
			buildActionMask = 2147483647;
			files = (
				8D750CE529488740004500D9 /* libSharedTestHelpersLibrary.a in Frameworks */,
			);
			runOnlyForDeploymentPostprocessing = 0;
		};
/* End PBXFrameworksBuildPhase section */

/* Begin PBXGroup section */
		8D0BE4842950994800B4171A /* Search UI */ = {
			isa = PBXGroup;
			children = (
				8D36220F295AF70C00967634 /* DomainModels+Extensions */,
				8D0BE4A42950B18800B4171A /* GeneralSearch */,
				8D0BE48729509B2000B4171A /* TypeheadSearch */,
			);
			path = "Search UI";
			sourceTree = "<group>";
		};
		8D0BE48729509B2000B4171A /* TypeheadSearch */ = {
			isa = PBXGroup;
			children = (
				8D0BE4852950996400B4171A /* TypeaheadSearchUIComposer.swift */,
				8D0BE48829509B3C00B4171A /* TypeaheadSearchViewAdapter.swift */,
				8D0BE48A29509B7700B4171A /* TypeaheadSearchPresentationAdapter.swift */,
			);
			path = TypeheadSearch;
			sourceTree = "<group>";
		};
		8D0BE49B2950A5A800B4171A /* Search UI */ = {
			isa = PBXGroup;
			children = (
				8DB9ADD42952055300A6F1DF /* GeneralSearch */,
				8DB9ADD32952042F00A6F1DF /* TypeheadSearch */,
			);
			path = "Search UI";
			sourceTree = "<group>";
		};
		8D0BE4A42950B18800B4171A /* GeneralSearch */ = {
			isa = PBXGroup;
			children = (
				8D0BE4A52950B19A00B4171A /* GeneralSearchUIComposer.swift */,
				8D0BE4A82950B24C00B4171A /* GeneralSearchViewAdapter.swift */,
				8D3C22302950B82A007D158E /* GeneralSearchSourceDelegate.swift */,
				8D3C22322950B882007D158E /* GeneralSearchPresentationAdapter.swift */,
			);
			path = GeneralSearch;
			sourceTree = "<group>";
		};
		8D1A4B2C2955C8DA00825E60 /* SearchCoordinator */ = {
			isa = PBXGroup;
			children = (
				8D1A4B302955C95F00825E60 /* Services */,
				8D1A4B2D2955C8FB00825E60 /* SearchCoordinator.swift */,
			);
			path = SearchCoordinator;
			sourceTree = "<group>";
		};
		8D1A4B302955C95F00825E60 /* Services */ = {
			isa = PBXGroup;
			children = (
				8D1A4B312955C96F00825E60 /* GeneralSearchService.swift */,
				8D1A4B3B2955DA0800825E60 /* TypeaheadSearchService.swift */,
			);
			path = Services;
			sourceTree = "<group>";
		};
		8D3621F12959C41C00967634 /* Helpers */ = {
			isa = PBXGroup;
			children = (
				8D3621F22959C43200967634 /* LocalizationTestsHelper.swift */,
			);
			path = Helpers;
			sourceTree = "<group>";
		};
		8D362206295AF56C00967634 /* DomainModels+Extensions */ = {
			isa = PBXGroup;
			children = (
				8D362207295AF57F00967634 /* Episode+PlayingEpisode.swift */,
				8D362209295AF58C00967634 /* Podcast+PlayingPodcast.swift */,
			);
			path = "DomainModels+Extensions";
			sourceTree = "<group>";
		};
		8D36220F295AF70C00967634 /* DomainModels+Extensions */ = {
			isa = PBXGroup;
			children = (
				8D362210295AF72F00967634 /* SearchResultEpisode+PlayingEpisode.swift */,
				8D362212295AF73B00967634 /* SearchResultPodcast+PlayingPodcast.swift */,
			);
			path = "DomainModels+Extensions";
			sourceTree = "<group>";
		};
		8D4298C1292242D90064F3E6 /* Shared */ = {
			isa = PBXGroup;
			children = (
				8D4298C2292242E70064F3E6 /* UIImage+Extensions.swift */,
			);
			path = Shared;
			sourceTree = "<group>";
		};
		8D4298D1292273FA0064F3E6 /* Coordinators */ = {
			isa = PBXGroup;
			children = (
				8D4298DB29227B4A0064F3E6 /* GenresCoordinator */,
				8D1A4B2C2955C8DA00825E60 /* SearchCoordinator */,
			);
			path = Coordinators;
			sourceTree = "<group>";
		};
		8D4298D6292278360064F3E6 /* Services */ = {
			isa = PBXGroup;
			children = (
				8D4298D4292277AC0064F3E6 /* GenresLoaderService.swift */,
				8D4298D7292278470064F3E6 /* BestPodcastsService.swift */,
				8D4298D929227A140064F3E6 /* PodcastDetailsService.swift */,
				8D7509EF29420921004500D9 /* EpisodeThumbnailLoaderService.swift */,
				8D3621F72959D1E300967634 /* PodcastsImageDataStoreContainer.swift */,
			);
			path = Services;
			sourceTree = "<group>";
		};
		8D4298DB29227B4A0064F3E6 /* GenresCoordinator */ = {
			isa = PBXGroup;
			children = (
				8D4298D6292278360064F3E6 /* Services */,
				8D4298D22922740F0064F3E6 /* ExploreCoordinator.swift */,
			);
			path = GenresCoordinator;
			sourceTree = "<group>";
		};
		8D4C3B22291CF2F7002AD459 /* Integration UI Tests */ = {
			isa = PBXGroup;
			children = (
				8D3621F12959C41C00967634 /* Helpers */,
				8D72D03E28F8121C00C17DDC /* Genres UI */,
				8D5FA24E2913C4CD002BB874 /* BestPodcasts UI */,
				8DDBB76C291BC5740024A37A /* PodcastDetails UI */,
				8D9B8700292D1CBF003B52AB /* AudioPlayer UI */,
				8D750CF229488D2F004500D9 /* RootTabBar UI */,
				8D0BE49B2950A5A800B4171A /* Search UI */,
			);
			path = "Integration UI Tests";
			sourceTree = "<group>";
		};
		8D4C3B23291CF36F002AD459 /* Acceptance Tests */ = {
			isa = PBXGroup;
			children = (
				8D72D06D28F82FAA00C17DDC /* PodcatsAcceptanceTests.swift */,
			);
			path = "Acceptance Tests";
			sourceTree = "<group>";
		};
		8D5FA23D2913C44A002BB874 /* BestPodcasts UI */ = {
			isa = PBXGroup;
			children = (
				8D4298C1292242D90064F3E6 /* Shared */,
				8D5FA2442913C4C1002BB874 /* BestPodcastsUIComposer.swift */,
				8D5FA2432913C4C1002BB874 /* BestPodcastsViewAdapter.swift */,
				8D5FA27B2913CC90002BB874 /* BestPodcastsList+CombineHelpers.swift */,
			);
			path = "BestPodcasts UI";
			sourceTree = "<group>";
		};
		8D5FA24E2913C4CD002BB874 /* BestPodcasts UI */ = {
			isa = PBXGroup;
			children = (
				8D5FA2512913C510002BB874 /* Helpers */,
				8D5FA25A2913C574002BB874 /* BestPodcastsListUIIngtegrationTests.swift */,
			);
			path = "BestPodcasts UI";
			sourceTree = "<group>";
		};
		8D5FA2512913C510002BB874 /* Helpers */ = {
			isa = PBXGroup;
			children = (
				8D5FA2532913C539002BB874 /* BestPodcasts+ListViewController+DSLHelpers.swift */,
				8D5FA2552913C539002BB874 /* BestPodcastsLoaderSpy.swift */,
				8D5FA2522913C539002BB874 /* PodcastCell+DSLHelpers.swift */,
			);
			path = Helpers;
			sourceTree = "<group>";
		};
		8D5FA2622913C6C6002BB874 /* SharedHelpers */ = {
			isa = PBXGroup;
			children = (
				8D5FA2472913C4C1002BB874 /* WeakRefVirtualProxy.swift */,
				8D72D03528F8118900C17DDC /* ImmediateWhenOnMainQueueScheduler.swift */,
				8D5FA2752913CAAB002BB874 /* HTTPClient+CombineHelpers.swift */,
				8D5FA2782913CC24002BB874 /* AnyPublisher+FallbackHelper.swift */,
				8DDBB774291BD2A80024A37A /* GenericLoaderPresentationAdapter.swift */,
				8DB9ADD12951E1E800A6F1DF /* NullObjectStateResourceView.swift */,
			);
			path = SharedHelpers;
			sourceTree = "<group>";
		};
		8D72D03228F8118900C17DDC /* Genres UI */ = {
			isa = PBXGroup;
			children = (
				8D72D03828F8118900C17DDC /* GenresUIComposer.swift */,
				8D72D03428F8118900C17DDC /* GenresViewAdapter.swift */,
				8D72D07228F85AC900C17DDC /* PodcastsGenresList+CombineHelpers.swift */,
			);
			path = "Genres UI";
			sourceTree = "<group>";
		};
		8D72D03E28F8121C00C17DDC /* Genres UI */ = {
			isa = PBXGroup;
			children = (
				8D72D03F28F8121C00C17DDC /* Helpers */,
				8D72D04528F8121C00C17DDC /* GenresUIIntegrationTests.swift */,
			);
			path = "Genres UI";
			sourceTree = "<group>";
		};
		8D72D03F28F8121C00C17DDC /* Helpers */ = {
			isa = PBXGroup;
			children = (
				8D72D04228F8121C00C17DDC /* GenreCell+DSLHelpers.swift */,
				8D72D04328F8121C00C17DDC /* GenresListViewController+DSLHelpers.swift */,
				8D72D04428F8121C00C17DDC /* GenresListViewControllerTests+LoaderSpy.swift */,
				8D91860528F9976300DE19D1 /* HTTPClientStub.swift */,
				8D91860728F9978300DE19D1 /* InMemoryGenresStore.swift */,
			);
			path = Helpers;
			sourceTree = "<group>";
		};
		8D72D04F28F8137E00C17DDC /* Extensions */ = {
			isa = PBXGroup;
			children = (
				8D72D05028F8137E00C17DDC /* UIColor+Extensions.swift */,
			);
			path = Extensions;
			sourceTree = "<group>";
		};
		8D72D05328F814E900C17DDC /* Helpers */ = {
			isa = PBXGroup;
			children = (
				8D72D04128F8121C00C17DDC /* UIRefreshControl+DSLHelpers.swift */,
				8DDBB780291BDB5A0024A37A /* ListViewController+DSLHelpers.swift */,
				8D75079529409FA9004500D9 /* UIAlertController+Helpers.swift */,
			);
			path = Helpers;
			sourceTree = "<group>";
		};
		8D750B2E29433859004500D9 /* Shared UI */ = {
			isa = PBXGroup;
			children = (
				8D750B2F29433862004500D9 /* ThumbnailUIComposer.swift */,
				8D750D012949D0FB004500D9 /* ThumbnailDynamicPresentationAdapter.swift */,
				8D3C22362950C872007D158E /* ThumbnailSourceDelegate.swift */,
			);
			path = "Shared UI";
			sourceTree = "<group>";
		};
		8D750C922947A381004500D9 /* LargeAudioPlayer */ = {
			isa = PBXGroup;
			children = (
				8DCA227829313B4800DD1EC6 /* LargeAudioPlayerUIComposer.swift */,
				8DCA22882934AED800DD1EC6 /* LargeAudioPlayerPresentationAdapter.swift */,
				8DCA228A2934B13300DD1EC6 /* LargeAudioPlayerViewAdapter.swift */,
				8D3621F92959D64700967634 /* LargePlayerControlDelegate.swift */,
			);
			path = LargeAudioPlayer;
			sourceTree = "<group>";
		};
		8D750C932947A577004500D9 /* StickyAudioPlayer */ = {
			isa = PBXGroup;
			children = (
				8D750C942947A662004500D9 /* StickyAudioPlayerUIComposer.swift */,
				8D750C962947A6B6004500D9 /* StickyAudioPlayerPresentationAdapter.swift */,
				8D750C9A2947A8B7004500D9 /* StickyAudioPlayerViewAdapter.swift */,
			);
			path = StickyAudioPlayer;
			sourceTree = "<group>";
		};
		8D750C9C2947AFFE004500D9 /* LargeAudioPlayer UI */ = {
			isa = PBXGroup;
			children = (
				8DCA228C2934BA5700DD1EC6 /* Helpers */,
				8D9B8701292D1CE5003B52AB /* LargeAudioPlayerUIIntegrationTests.swift */,
			);
			path = "LargeAudioPlayer UI";
			sourceTree = "<group>";
		};
		8D750C9D2947B010004500D9 /* Helpers */ = {
			isa = PBXGroup;
			children = (
				8D2EFC26296440A600D96806 /* InMemoryPlaybackProgressCache.swift */,
				8D75079129409BC6004500D9 /* AudioPlayerControlsSpy.swift */,
				8D75079329409BE2004500D9 /* AudioPlayerClientDummy.swift */,
				8D750CA22947B32C004500D9 /* AudioPlayerUI+SharedHelpers.swift */,
				8D2EFC23295F401400D96806 /* PlaybackProgressCacheDummy.swift */,
			);
			path = Helpers;
			sourceTree = "<group>";
		};
		8D750C9E2947B02D004500D9 /* StickyAudioPlayer UI */ = {
			isa = PBXGroup;
			children = (
				8D750CA12947B044004500D9 /* Helpers */,
				8D750C902947A2BF004500D9 /* StickyAudioPlayerUIIntegrationTests.swift */,
			);
			path = "StickyAudioPlayer UI";
			sourceTree = "<group>";
		};
		8D750CA12947B044004500D9 /* Helpers */ = {
			isa = PBXGroup;
			children = (
				8D750C9F2947B032004500D9 /* StickyAudioPlayerViewController+DSLHelpers.swift */,
			);
			path = Helpers;
			sourceTree = "<group>";
		};
		8D750CB229487C3A004500D9 /* RootUITabBarController */ = {
			isa = PBXGroup;
			children = (
				8D750CA929486F66004500D9 /* RootComposer.swift */,
				8D750CB329487C5C004500D9 /* RootTabBarPresenter.swift */,
				8D750CB829487D16004500D9 /* RootTabBarController.swift */,
				8D750CF529489F41004500D9 /* RootTabBarPresentationAdapter.swift */,
				8D3621F42959CF5600967634 /* RootTabBarCoordinator.swift */,
			);
			path = RootUITabBarController;
			sourceTree = "<group>";
		};
		8D750CF229488D2F004500D9 /* RootTabBar UI */ = {
			isa = PBXGroup;
			children = (
				8D750CBB29487DB9004500D9 /* RootTabBarControllerLocalizationTests.swift */,
			);
			path = "RootTabBar UI";
			sourceTree = "<group>";
		};
		8D76B86728D4A2540014A211 = {
			isa = PBXGroup;
			children = (
				8D76B87228D4A2540014A211 /* PodcatsAppiOS */,
				8D76B88928D4A2560014A211 /* PodcatsAppiOSTests */,
				8D76B87128D4A2540014A211 /* Products */,
				8D76B8A328D4A2B00014A211 /* Frameworks */,
			);
			sourceTree = "<group>";
		};
		8D76B87128D4A2540014A211 /* Products */ = {
			isa = PBXGroup;
			children = (
				8D76B87028D4A2540014A211 /* Podcats.app */,
				8D76B88628D4A2560014A211 /* PodcatsAppiOSTests.xctest */,
			);
			name = Products;
			sourceTree = "<group>";
		};
		8D76B87228D4A2540014A211 /* PodcatsAppiOS */ = {
			isa = PBXGroup;
			children = (
				8D5FA2622913C6C6002BB874 /* SharedHelpers */,
				8D750B2E29433859004500D9 /* Shared UI */,
				8D750CB229487C3A004500D9 /* RootUITabBarController */,
				8D72D03228F8118900C17DDC /* Genres UI */,
				8D5FA23D2913C44A002BB874 /* BestPodcasts UI */,
				8DDBB76F291BC5FD0024A37A /* PodcastDetails UI */,
				8DCA227729313B2600DD1EC6 /* AudioPlayer UI */,
				8D0BE4842950994800B4171A /* Search UI */,
				8D4298D1292273FA0064F3E6 /* Coordinators */,
				8D72D04F28F8137E00C17DDC /* Extensions */,
				8D76B87328D4A2540014A211 /* AppDelegate.swift */,
				8D72D05928F826E100C17DDC /* SceneDelegate.swift */,
				8D750CC229487E64004500D9 /* Main.strings */,
				8D76B87C28D4A2550014A211 /* Assets.xcassets */,
				8D76B87E28D4A2550014A211 /* LaunchScreen.storyboard */,
				8D76B88128D4A2550014A211 /* Info.plist */,
			);
			path = PodcatsAppiOS;
			sourceTree = "<group>";
		};
		8D76B88928D4A2560014A211 /* PodcatsAppiOSTests */ = {
			isa = PBXGroup;
			children = (
				8D72D05328F814E900C17DDC /* Helpers */,
				8D4C3B22291CF2F7002AD459 /* Integration UI Tests */,
				8D72D06B28F82F2B00C17DDC /* SceneDelegateTests.swift */,
				8D4C3B23291CF36F002AD459 /* Acceptance Tests */,
			);
			path = PodcatsAppiOSTests;
			sourceTree = "<group>";
		};
		8D76B8A328D4A2B00014A211 /* Frameworks */ = {
			isa = PBXGroup;
			children = (
				8D0BE4932950A02A00B4171A /* SearchContentModule.framework */,
				8D0BE4942950A02A00B4171A /* SearchContentModuleiOS.framework */,
				8D750CE429488740004500D9 /* libSharedTestHelpersLibrary.a */,
				8D750CE22948872A004500D9 /* libSharedTestHelpersLibrary.a */,
				8D2490D52938FAA1009ACD36 /* AVPlayerClient.framework */,
				8D9B873C2930C454003B52AB /* AudioPlayerModule.framework */,
				8D9B873D2930C454003B52AB /* AudioPlayerModuleiOS.framework */,
				8D4298DC29227CB60064F3E6 /* SharedComponentsiOSModule.framework */,
				8DDBB721291A810F0024A37A /* PodcastsModule.framework */,
				8DDBB722291A810F0024A37A /* PodcastsModuleiOS.framework */,
				8D5FA25C2913C611002BB874 /* BestPodcastsList.framework */,
				8D5FA25D2913C611002BB874 /* BestPodcastsListiOS.framework */,
				8DE32A4529110CF800830695 /* LoadResourcePresenter.framework */,
				8D5C206428FE925E006CD42F /* URLSessionHTTPClient.framework */,
				8DEB7E1128FDDA9F003AF72F /* BestPodcastsList.framework */,
				8DEB7E1228FDDA9F003AF72F /* HTTPClient.framework */,
				8D76B8A428D4A2B00014A211 /* PodcastsGenresList.framework */,
				8D76B8A528D4A2B00014A211 /* PodcastsGenresListiOS.framework */,
			);
			name = Frameworks;
			sourceTree = "<group>";
		};
		8D9B8700292D1CBF003B52AB /* AudioPlayer UI */ = {
			isa = PBXGroup;
			children = (
				8D750C9D2947B010004500D9 /* Helpers */,
				8D750C9C2947AFFE004500D9 /* LargeAudioPlayer UI */,
				8D750C9E2947B02D004500D9 /* StickyAudioPlayer UI */,
			);
			path = "AudioPlayer UI";
			sourceTree = "<group>";
		};
		8DB9ADCA2951AF1D00A6F1DF /* Helpers */ = {
			isa = PBXGroup;
			children = (
				8DB9ADCB2951AF3800A6F1DF /* UISearchController+Helpers.swift */,
				8DB9ADCD2951B2A500A6F1DF /* TypeaheadListViewController+DSLHelpers.swift */,
				8DB9ADCF2951B3EE00A6F1DF /* UITableViewCell+DSLHelpers.swift */,
			);
			path = Helpers;
			sourceTree = "<group>";
		};
		8DB9ADD32952042F00A6F1DF /* TypeheadSearch */ = {
			isa = PBXGroup;
			children = (
				8DB9ADCA2951AF1D00A6F1DF /* Helpers */,
				8D0BE49C2950A5D000B4171A /* TypeaheadSearchUIIntegrationTests.swift */,
			);
			path = TypeheadSearch;
			sourceTree = "<group>";
		};
		8DB9ADD42952055300A6F1DF /* GeneralSearch */ = {
			isa = PBXGroup;
			children = (
				8DB9ADD729532A2E00A6F1DF /* Helpers */,
				8DB9ADD52952056200A6F1DF /* GeneralSearchUIIntegrationTests.swift */,
			);
			path = GeneralSearch;
			sourceTree = "<group>";
		};
		8DB9ADD729532A2E00A6F1DF /* Helpers */ = {
			isa = PBXGroup;
			children = (
				8D1A4B2A2955B5D900825E60 /* GeneralSearch+ModelsHelpers.swift */,
				8DB9ADD829532A4C00A6F1DF /* GeneralSearch+ListViewController+DSLHelpers.swift */,
				8D1A4B282954938600825E60 /* SearchPodcastCell+DSLHelpers.swift */,
			);
			path = Helpers;
			sourceTree = "<group>";
		};
		8DCA227729313B2600DD1EC6 /* AudioPlayer UI */ = {
			isa = PBXGroup;
			children = (
				8D750C922947A381004500D9 /* LargeAudioPlayer */,
				8D750C932947A577004500D9 /* StickyAudioPlayer */,
				8D36263E295DDB1800967634 /* LocalPlaybackProgressLoader+CombineHelpers.swift */,
				8D2EFC1B295EF2FB00D96806 /* AudioPlayerStatePublishers.swift */,
			);
			path = "AudioPlayer UI";
			sourceTree = "<group>";
		};
		8DCA228C2934BA5700DD1EC6 /* Helpers */ = {
			isa = PBXGroup;
			children = (
				8DCA228D2934BA6F00DD1EC6 /* LargeAudioPlayerViewController+DSLHelpers.swift */,
			);
			path = Helpers;
			sourceTree = "<group>";
		};
		8DDBB76C291BC5740024A37A /* PodcastDetails UI */ = {
			isa = PBXGroup;
			children = (
				8DDBB779291BD66C0024A37A /* Helpers */,
				8DDBB76D291BC58C0024A37A /* PodcastDetailsUIIngtegrationTests.swift */,
			);
			path = "PodcastDetails UI";
			sourceTree = "<group>";
		};
		8DDBB76F291BC5FD0024A37A /* PodcastDetails UI */ = {
			isa = PBXGroup;
			children = (
				8D362206295AF56C00967634 /* DomainModels+Extensions */,
				8DDBB770291BC6170024A37A /* PodcastDetailsUIComposer.swift */,
				8DDBB776291BD2F80024A37A /* PodcastDetailsViewAdapter.swift */,
			);
			path = "PodcastDetails UI";
			sourceTree = "<group>";
		};
		8DDBB779291BD66C0024A37A /* Helpers */ = {
			isa = PBXGroup;
			children = (
				8DDBB78E291BE27F0024A37A /* EpisodeCell+DSLHelpers.swift */,
				8DDBB782291BDEC70024A37A /* PodcastDetails+ListViewController+DSLHelpers.swift */,
				8DDBB77A291BD67F0024A37A /* PodcastDetailsLoaderSpy.swift */,
				8DB25F122924F44600CA156E /* PodcastHeaderReusableView+DSLHelpers.swift */,
			);
			path = Helpers;
			sourceTree = "<group>";
		};
/* End PBXGroup section */

/* Begin PBXNativeTarget section */
		8D76B86F28D4A2540014A211 /* Podcats */ = {
			isa = PBXNativeTarget;
			buildConfigurationList = 8D76B89A28D4A2560014A211 /* Build configuration list for PBXNativeTarget "Podcats" */;
			buildPhases = (
				8D76B86C28D4A2540014A211 /* Sources */,
				8D76B86D28D4A2540014A211 /* Frameworks */,
				8D76B86E28D4A2540014A211 /* Resources */,
				8D76B8AA28D4A2B00014A211 /* Embed Frameworks */,
			);
			buildRules = (
			);
			dependencies = (
			);
			name = Podcats;
			productName = PodcatsAppiOS;
			productReference = 8D76B87028D4A2540014A211 /* Podcats.app */;
			productType = "com.apple.product-type.application";
		};
		8D76B88528D4A2560014A211 /* PodcatsAppiOSTests */ = {
			isa = PBXNativeTarget;
			buildConfigurationList = 8D76B89D28D4A2560014A211 /* Build configuration list for PBXNativeTarget "PodcatsAppiOSTests" */;
			buildPhases = (
				8D76B88228D4A2560014A211 /* Sources */,
				8D76B88328D4A2560014A211 /* Frameworks */,
				8D76B88428D4A2560014A211 /* Resources */,
			);
			buildRules = (
			);
			dependencies = (
				8D76B88828D4A2560014A211 /* PBXTargetDependency */,
			);
			name = PodcatsAppiOSTests;
			productName = PodcatsAppiOSTests;
			productReference = 8D76B88628D4A2560014A211 /* PodcatsAppiOSTests.xctest */;
			productType = "com.apple.product-type.bundle.unit-test";
		};
/* End PBXNativeTarget section */

/* Begin PBXProject section */
		8D76B86828D4A2540014A211 /* Project object */ = {
			isa = PBXProject;
			attributes = {
				BuildIndependentTargetsInParallel = 1;
				LastSwiftUpdateCheck = 1340;
				LastUpgradeCheck = 1340;
				ORGANIZATIONNAME = "Almost Engineer";
				TargetAttributes = {
					8D76B86F28D4A2540014A211 = {
						CreatedOnToolsVersion = 13.4.1;
					};
					8D76B88528D4A2560014A211 = {
						CreatedOnToolsVersion = 13.4.1;
						TestTargetID = 8D76B86F28D4A2540014A211;
					};
				};
			};
			buildConfigurationList = 8D76B86B28D4A2540014A211 /* Build configuration list for PBXProject "PodcatsAppiOS" */;
			compatibilityVersion = "Xcode 13.0";
			developmentRegion = en;
			hasScannedForEncodings = 0;
			knownRegions = (
				en,
				uk,
			);
			mainGroup = 8D76B86728D4A2540014A211;
			productRefGroup = 8D76B87128D4A2540014A211 /* Products */;
			projectDirPath = "";
			projectRoot = "";
			targets = (
				8D76B86F28D4A2540014A211 /* Podcats */,
				8D76B88528D4A2560014A211 /* PodcatsAppiOSTests */,
			);
		};
/* End PBXProject section */

/* Begin PBXResourcesBuildPhase section */
		8D76B86E28D4A2540014A211 /* Resources */ = {
			isa = PBXResourcesBuildPhase;
			buildActionMask = 2147483647;
			files = (
				8D750CC029487E64004500D9 /* Main.strings in Resources */,
				8D76B88028D4A2550014A211 /* LaunchScreen.storyboard in Resources */,
				8D76B87D28D4A2550014A211 /* Assets.xcassets in Resources */,
			);
			runOnlyForDeploymentPostprocessing = 0;
		};
		8D76B88428D4A2560014A211 /* Resources */ = {
			isa = PBXResourcesBuildPhase;
			buildActionMask = 2147483647;
			files = (
			);
			runOnlyForDeploymentPostprocessing = 0;
		};
/* End PBXResourcesBuildPhase section */

/* Begin PBXSourcesBuildPhase section */
		8D76B86C28D4A2540014A211 /* Sources */ = {
			isa = PBXSourcesBuildPhase;
			buildActionMask = 2147483647;
			files = (
				8D362208295AF57F00967634 /* Episode+PlayingEpisode.swift in Sources */,
				8D750C972947A6B6004500D9 /* StickyAudioPlayerPresentationAdapter.swift in Sources */,
				8D5FA24A2913C4C1002BB874 /* BestPodcastsUIComposer.swift in Sources */,
				8D0BE4A72950B19D00B4171A /* GeneralSearchUIComposer.swift in Sources */,
				8D72D03928F8118900C17DDC /* GenresViewAdapter.swift in Sources */,
				8D3C22332950B882007D158E /* GeneralSearchPresentationAdapter.swift in Sources */,
				8D750B3029433862004500D9 /* ThumbnailUIComposer.swift in Sources */,
				8DB9ADD22951E1E800A6F1DF /* NullObjectStateResourceView.swift in Sources */,
				8D3C22312950B82A007D158E /* GeneralSearchSourceDelegate.swift in Sources */,
				8D3C22372950C872007D158E /* ThumbnailSourceDelegate.swift in Sources */,
				8D1A4B3C2955DA0800825E60 /* TypeaheadSearchService.swift in Sources */,
				8DDBB772291BC68A0024A37A /* PodcastDetailsUIComposer.swift in Sources */,
				8D0BE48B29509B7700B4171A /* TypeaheadSearchPresentationAdapter.swift in Sources */,
				8D362213295AF73B00967634 /* SearchResultPodcast+PlayingPodcast.swift in Sources */,
				8D362211295AF72F00967634 /* SearchResultEpisode+PlayingEpisode.swift in Sources */,
				8DCA227929313B4800DD1EC6 /* LargeAudioPlayerUIComposer.swift in Sources */,
				8D3621FA2959D64700967634 /* LargePlayerControlDelegate.swift in Sources */,
				8D72D07428F85C3B00C17DDC /* PodcastsGenresList+CombineHelpers.swift in Sources */,
				8D3621F62959CF7500967634 /* RootTabBarCoordinator.swift in Sources */,
				8D4298DA29227A140064F3E6 /* PodcastDetailsService.swift in Sources */,
				8D4298D8292278470064F3E6 /* BestPodcastsService.swift in Sources */,
				8D750CB929487D16004500D9 /* RootTabBarController.swift in Sources */,
				8D750CAA29486F66004500D9 /* RootComposer.swift in Sources */,
				8DDBB778291BD2FD0024A37A /* GenericLoaderPresentationAdapter.swift in Sources */,
				8D1A4B322955C96F00825E60 /* GeneralSearchService.swift in Sources */,
				8D0BE4862950996400B4171A /* TypeaheadSearchUIComposer.swift in Sources */,
				8D36263F295DDB1800967634 /* LocalPlaybackProgressLoader+CombineHelpers.swift in Sources */,
				8D750D022949D0FB004500D9 /* ThumbnailDynamicPresentationAdapter.swift in Sources */,
				8D750C9B2947A8B7004500D9 /* StickyAudioPlayerViewAdapter.swift in Sources */,
				8D76B87428D4A2540014A211 /* AppDelegate.swift in Sources */,
				8D0BE48929509B3C00B4171A /* TypeaheadSearchViewAdapter.swift in Sources */,
				8D4298D32922740F0064F3E6 /* ExploreCoordinator.swift in Sources */,
				8D2EFC1C295EF2FB00D96806 /* AudioPlayerStatePublishers.swift in Sources */,
				8D1A4B2F2955C8FF00825E60 /* SearchCoordinator.swift in Sources */,
				8D750CB729487CE9004500D9 /* RootTabBarPresenter.swift in Sources */,
				8D4298D5292277AC0064F3E6 /* GenresLoaderService.swift in Sources */,
				8D3621F82959D1E300967634 /* PodcastsImageDataStoreContainer.swift in Sources */,
				8DCA22892934AED800DD1EC6 /* LargeAudioPlayerPresentationAdapter.swift in Sources */,
				8D5FA2772913CBE5002BB874 /* HTTPClient+CombineHelpers.swift in Sources */,
				8D72D05228F813CF00C17DDC /* UIColor+Extensions.swift in Sources */,
				8D0BE4AA2950B27300B4171A /* GeneralSearchViewAdapter.swift in Sources */,
				8D5FA27A2913CC43002BB874 /* AnyPublisher+FallbackHelper.swift in Sources */,
				8D5FA24D2913C4C1002BB874 /* WeakRefVirtualProxy.swift in Sources */,
				8DDBB777291BD2F80024A37A /* PodcastDetailsViewAdapter.swift in Sources */,
				8D5FA2492913C4C1002BB874 /* BestPodcastsViewAdapter.swift in Sources */,
				8DCA228B2934B13300DD1EC6 /* LargeAudioPlayerViewAdapter.swift in Sources */,
				8D5FA27D2913F869002BB874 /* BestPodcastsList+CombineHelpers.swift in Sources */,
				8D72D03A28F8118900C17DDC /* ImmediateWhenOnMainQueueScheduler.swift in Sources */,
				8D750C952947A662004500D9 /* StickyAudioPlayerUIComposer.swift in Sources */,
				8D4298C3292242E70064F3E6 /* UIImage+Extensions.swift in Sources */,
				8D36220A295AF58C00967634 /* Podcast+PlayingPodcast.swift in Sources */,
				8D7509F029420921004500D9 /* EpisodeThumbnailLoaderService.swift in Sources */,
				8D750CF629489F41004500D9 /* RootTabBarPresentationAdapter.swift in Sources */,
				8D72D03D28F8118900C17DDC /* GenresUIComposer.swift in Sources */,
				8D72D05A28F826E100C17DDC /* SceneDelegate.swift in Sources */,
			);
			runOnlyForDeploymentPostprocessing = 0;
		};
		8D76B88228D4A2560014A211 /* Sources */ = {
			isa = PBXSourcesBuildPhase;
			buildActionMask = 2147483647;
			files = (
				8DB9ADD929532A4C00A6F1DF /* GeneralSearch+ListViewController+DSLHelpers.swift in Sources */,
				8D75079229409BC6004500D9 /* AudioPlayerControlsSpy.swift in Sources */,
				8D1A4B292954938600825E60 /* SearchPodcastCell+DSLHelpers.swift in Sources */,
				8D72D06E28F82FAA00C17DDC /* PodcatsAcceptanceTests.swift in Sources */,
				8D750CA32947B32C004500D9 /* AudioPlayerUI+SharedHelpers.swift in Sources */,
				8D72D04728F8121C00C17DDC /* UIRefreshControl+DSLHelpers.swift in Sources */,
				8D2EFC27296440A600D96806 /* InMemoryPlaybackProgressCache.swift in Sources */,
				8DB9ADD02951B3EE00A6F1DF /* UITableViewCell+DSLHelpers.swift in Sources */,
				8DDBB78F291BE27F0024A37A /* EpisodeCell+DSLHelpers.swift in Sources */,
				8DDBB781291BDB5A0024A37A /* ListViewController+DSLHelpers.swift in Sources */,
				8DDBB773291BC6E20024A37A /* PodcastDetailsUIIngtegrationTests.swift in Sources */,
				8D1A4B2B2955B5D900825E60 /* GeneralSearch+ModelsHelpers.swift in Sources */,
				8DDBB77B291BD67F0024A37A /* PodcastDetailsLoaderSpy.swift in Sources */,
				8DB9ADD62952056200A6F1DF /* GeneralSearchUIIntegrationTests.swift in Sources */,
				8D72D05628F8163E00C17DDC /* GenresUIIntegrationTests.swift in Sources */,
				8D72D04928F8121C00C17DDC /* GenresListViewController+DSLHelpers.swift in Sources */,
				8D5FA2572913C539002BB874 /* BestPodcasts+ListViewController+DSLHelpers.swift in Sources */,
				8DCA228E2934BA6F00DD1EC6 /* LargeAudioPlayerViewController+DSLHelpers.swift in Sources */,
				8D750CBC29487DB9004500D9 /* RootTabBarControllerLocalizationTests.swift in Sources */,
				8D5FA2592913C539002BB874 /* BestPodcastsLoaderSpy.swift in Sources */,
				8D75079429409BE2004500D9 /* AudioPlayerClientDummy.swift in Sources */,
				8D72D04A28F8121C00C17DDC /* GenresListViewControllerTests+LoaderSpy.swift in Sources */,
				8D9B8702292D1CE5003B52AB /* LargeAudioPlayerUIIntegrationTests.swift in Sources */,
				8DB9ADCC2951AF3800A6F1DF /* UISearchController+Helpers.swift in Sources */,
				8D5FA2562913C539002BB874 /* PodcastCell+DSLHelpers.swift in Sources */,
				8D750CA02947B032004500D9 /* StickyAudioPlayerViewController+DSLHelpers.swift in Sources */,
				8D0BE49D2950A5D000B4171A /* TypeaheadSearchUIIntegrationTests.swift in Sources */,
				8DB25F132924F44600CA156E /* PodcastHeaderReusableView+DSLHelpers.swift in Sources */,
				8D3621F32959C43200967634 /* LocalizationTestsHelper.swift in Sources */,
				8D72D04828F8121C00C17DDC /* GenreCell+DSLHelpers.swift in Sources */,
				8D5FA25B2913C574002BB874 /* BestPodcastsListUIIngtegrationTests.swift in Sources */,
				8DDBB783291BDEC70024A37A /* PodcastDetails+ListViewController+DSLHelpers.swift in Sources */,
				8D91860828F9978300DE19D1 /* InMemoryGenresStore.swift in Sources */,
				8D2EFC24295F401400D96806 /* PlaybackProgressCacheDummy.swift in Sources */,
				8D91860628F9976300DE19D1 /* HTTPClientStub.swift in Sources */,
				8D72D06C28F82F2B00C17DDC /* SceneDelegateTests.swift in Sources */,
				8D75079629409FA9004500D9 /* UIAlertController+Helpers.swift in Sources */,
				8DB9ADCE2951B2A500A6F1DF /* TypeaheadListViewController+DSLHelpers.swift in Sources */,
				8D750C912947A2BF004500D9 /* StickyAudioPlayerUIIntegrationTests.swift in Sources */,
			);
			runOnlyForDeploymentPostprocessing = 0;
		};
/* End PBXSourcesBuildPhase section */

/* Begin PBXTargetDependency section */
		8D76B88828D4A2560014A211 /* PBXTargetDependency */ = {
			isa = PBXTargetDependency;
			target = 8D76B86F28D4A2540014A211 /* Podcats */;
			targetProxy = 8D76B88728D4A2560014A211 /* PBXContainerItemProxy */;
		};
/* End PBXTargetDependency section */

/* Begin PBXVariantGroup section */
		8D750CC229487E64004500D9 /* Main.strings */ = {
			isa = PBXVariantGroup;
			children = (
				8D750CC129487E64004500D9 /* en */,
				8D750CC429487E9B004500D9 /* uk */,
			);
			name = Main.strings;
			sourceTree = "<group>";
		};
		8D76B87E28D4A2550014A211 /* LaunchScreen.storyboard */ = {
			isa = PBXVariantGroup;
			children = (
				8D750CC529487FBC004500D9 /* en */,
				8D750CC629487FC8004500D9 /* uk */,
			);
			name = LaunchScreen.storyboard;
			sourceTree = "<group>";
		};
/* End PBXVariantGroup section */

/* Begin XCBuildConfiguration section */
		8D76B89828D4A2560014A211 /* Debug */ = {
			isa = XCBuildConfiguration;
			buildSettings = {
				ALWAYS_SEARCH_USER_PATHS = NO;
				CLANG_ANALYZER_LOCALIZABILITY_NONLOCALIZED = YES;
				CLANG_ANALYZER_NONNULL = YES;
				CLANG_ANALYZER_NUMBER_OBJECT_CONVERSION = YES_AGGRESSIVE;
				CLANG_CXX_LANGUAGE_STANDARD = "gnu++17";
				CLANG_ENABLE_MODULES = YES;
				CLANG_ENABLE_OBJC_ARC = YES;
				CLANG_ENABLE_OBJC_WEAK = YES;
				CLANG_WARN_BLOCK_CAPTURE_AUTORELEASING = YES;
				CLANG_WARN_BOOL_CONVERSION = YES;
				CLANG_WARN_COMMA = YES;
				CLANG_WARN_CONSTANT_CONVERSION = YES;
				CLANG_WARN_DEPRECATED_OBJC_IMPLEMENTATIONS = YES;
				CLANG_WARN_DIRECT_OBJC_ISA_USAGE = YES_ERROR;
				CLANG_WARN_DOCUMENTATION_COMMENTS = YES;
				CLANG_WARN_EMPTY_BODY = YES;
				CLANG_WARN_ENUM_CONVERSION = YES;
				CLANG_WARN_INFINITE_RECURSION = YES;
				CLANG_WARN_INT_CONVERSION = YES;
				CLANG_WARN_NON_LITERAL_NULL_CONVERSION = YES;
				CLANG_WARN_OBJC_IMPLICIT_RETAIN_SELF = YES;
				CLANG_WARN_OBJC_LITERAL_CONVERSION = YES;
				CLANG_WARN_OBJC_ROOT_CLASS = YES_ERROR;
				CLANG_WARN_QUOTED_INCLUDE_IN_FRAMEWORK_HEADER = YES;
				CLANG_WARN_RANGE_LOOP_ANALYSIS = YES;
				CLANG_WARN_STRICT_PROTOTYPES = YES;
				CLANG_WARN_SUSPICIOUS_MOVE = YES;
				CLANG_WARN_UNGUARDED_AVAILABILITY = YES_AGGRESSIVE;
				CLANG_WARN_UNREACHABLE_CODE = YES;
				CLANG_WARN__DUPLICATE_METHOD_MATCH = YES;
				COPY_PHASE_STRIP = NO;
				DEBUG_INFORMATION_FORMAT = dwarf;
				ENABLE_STRICT_OBJC_MSGSEND = YES;
				ENABLE_TESTABILITY = YES;
				GCC_C_LANGUAGE_STANDARD = gnu11;
				GCC_DYNAMIC_NO_PIC = NO;
				GCC_NO_COMMON_BLOCKS = YES;
				GCC_OPTIMIZATION_LEVEL = 0;
				GCC_PREPROCESSOR_DEFINITIONS = (
					"DEBUG=1",
					"$(inherited)",
				);
				GCC_WARN_64_TO_32_BIT_CONVERSION = YES;
				GCC_WARN_ABOUT_RETURN_TYPE = YES_ERROR;
				GCC_WARN_UNDECLARED_SELECTOR = YES;
				GCC_WARN_UNINITIALIZED_AUTOS = YES_AGGRESSIVE;
				GCC_WARN_UNUSED_FUNCTION = YES;
				GCC_WARN_UNUSED_VARIABLE = YES;
				IPHONEOS_DEPLOYMENT_TARGET = 15.5;
				MTL_ENABLE_DEBUG_INFO = INCLUDE_SOURCE;
				MTL_FAST_MATH = YES;
				ONLY_ACTIVE_ARCH = YES;
				SDKROOT = iphoneos;
				SWIFT_ACTIVE_COMPILATION_CONDITIONS = DEBUG;
				SWIFT_OPTIMIZATION_LEVEL = "-Onone";
			};
			name = Debug;
		};
		8D76B89928D4A2560014A211 /* Release */ = {
			isa = XCBuildConfiguration;
			buildSettings = {
				ALWAYS_SEARCH_USER_PATHS = NO;
				CLANG_ANALYZER_LOCALIZABILITY_NONLOCALIZED = YES;
				CLANG_ANALYZER_NONNULL = YES;
				CLANG_ANALYZER_NUMBER_OBJECT_CONVERSION = YES_AGGRESSIVE;
				CLANG_CXX_LANGUAGE_STANDARD = "gnu++17";
				CLANG_ENABLE_MODULES = YES;
				CLANG_ENABLE_OBJC_ARC = YES;
				CLANG_ENABLE_OBJC_WEAK = YES;
				CLANG_WARN_BLOCK_CAPTURE_AUTORELEASING = YES;
				CLANG_WARN_BOOL_CONVERSION = YES;
				CLANG_WARN_COMMA = YES;
				CLANG_WARN_CONSTANT_CONVERSION = YES;
				CLANG_WARN_DEPRECATED_OBJC_IMPLEMENTATIONS = YES;
				CLANG_WARN_DIRECT_OBJC_ISA_USAGE = YES_ERROR;
				CLANG_WARN_DOCUMENTATION_COMMENTS = YES;
				CLANG_WARN_EMPTY_BODY = YES;
				CLANG_WARN_ENUM_CONVERSION = YES;
				CLANG_WARN_INFINITE_RECURSION = YES;
				CLANG_WARN_INT_CONVERSION = YES;
				CLANG_WARN_NON_LITERAL_NULL_CONVERSION = YES;
				CLANG_WARN_OBJC_IMPLICIT_RETAIN_SELF = YES;
				CLANG_WARN_OBJC_LITERAL_CONVERSION = YES;
				CLANG_WARN_OBJC_ROOT_CLASS = YES_ERROR;
				CLANG_WARN_QUOTED_INCLUDE_IN_FRAMEWORK_HEADER = YES;
				CLANG_WARN_RANGE_LOOP_ANALYSIS = YES;
				CLANG_WARN_STRICT_PROTOTYPES = YES;
				CLANG_WARN_SUSPICIOUS_MOVE = YES;
				CLANG_WARN_UNGUARDED_AVAILABILITY = YES_AGGRESSIVE;
				CLANG_WARN_UNREACHABLE_CODE = YES;
				CLANG_WARN__DUPLICATE_METHOD_MATCH = YES;
				COPY_PHASE_STRIP = NO;
				DEBUG_INFORMATION_FORMAT = "dwarf-with-dsym";
				ENABLE_NS_ASSERTIONS = NO;
				ENABLE_STRICT_OBJC_MSGSEND = YES;
				GCC_C_LANGUAGE_STANDARD = gnu11;
				GCC_NO_COMMON_BLOCKS = YES;
				GCC_WARN_64_TO_32_BIT_CONVERSION = YES;
				GCC_WARN_ABOUT_RETURN_TYPE = YES_ERROR;
				GCC_WARN_UNDECLARED_SELECTOR = YES;
				GCC_WARN_UNINITIALIZED_AUTOS = YES_AGGRESSIVE;
				GCC_WARN_UNUSED_FUNCTION = YES;
				GCC_WARN_UNUSED_VARIABLE = YES;
				IPHONEOS_DEPLOYMENT_TARGET = 15.5;
				MTL_ENABLE_DEBUG_INFO = NO;
				MTL_FAST_MATH = YES;
				SDKROOT = iphoneos;
				SWIFT_COMPILATION_MODE = wholemodule;
				SWIFT_OPTIMIZATION_LEVEL = "-O";
				VALIDATE_PRODUCT = YES;
			};
			name = Release;
		};
		8D76B89B28D4A2560014A211 /* Debug */ = {
			isa = XCBuildConfiguration;
			buildSettings = {
				ASSETCATALOG_COMPILER_APPICON_NAME = AppIcon;
				ASSETCATALOG_COMPILER_GLOBAL_ACCENT_COLOR_NAME = AccentColor;
				CODE_SIGN_IDENTITY = "Apple Development";
				CODE_SIGN_STYLE = Automatic;
				CURRENT_PROJECT_VERSION = 4;
				DEVELOPMENT_TEAM = WUJDW64U79;
				GENERATE_INFOPLIST_FILE = NO;
				INFOPLIST_FILE = PodcatsAppiOS/Info.plist;
				INFOPLIST_KEY_UIApplicationSupportsIndirectInputEvents = YES;
				INFOPLIST_KEY_UILaunchStoryboardName = LaunchScreen;
				INFOPLIST_KEY_UIMainStoryboardFile = LaunchScreen;
				INFOPLIST_KEY_UISupportedInterfaceOrientations = UIInterfaceOrientationPortrait;
				INFOPLIST_KEY_UISupportedInterfaceOrientations_iPad = "UIInterfaceOrientationPortrait UIInterfaceOrientationPortraitUpsideDown UIInterfaceOrientationLandscapeLeft UIInterfaceOrientationLandscapeRight";
				INFOPLIST_KEY_UISupportedInterfaceOrientations_iPhone = "UIInterfaceOrientationPortrait UIInterfaceOrientationLandscapeLeft UIInterfaceOrientationLandscapeRight";
				IPHONEOS_DEPLOYMENT_TARGET = 14.0;
				LD_RUNPATH_SEARCH_PATHS = (
					"$(inherited)",
					"@executable_path/Frameworks",
				);
				MARKETING_VERSION = 1.0;
				PRODUCT_BUNDLE_IDENTIFIER = com.podcats.app.product.iOS;
				PRODUCT_NAME = "$(TARGET_NAME)";
				PROVISIONING_PROFILE_SPECIFIER = "";
				SWIFT_EMIT_LOC_STRINGS = YES;
				SWIFT_VERSION = 5.0;
				TARGETED_DEVICE_FAMILY = 1;
			};
			name = Debug;
		};
		8D76B89C28D4A2560014A211 /* Release */ = {
			isa = XCBuildConfiguration;
			buildSettings = {
				ASSETCATALOG_COMPILER_APPICON_NAME = AppIcon;
				ASSETCATALOG_COMPILER_GLOBAL_ACCENT_COLOR_NAME = AccentColor;
				CODE_SIGN_IDENTITY = "iPhone Distribution";
				CODE_SIGN_STYLE = Manual;
				CURRENT_PROJECT_VERSION = 4;
				DEVELOPMENT_TEAM = WUJDW64U79;
				GENERATE_INFOPLIST_FILE = NO;
				INFOPLIST_FILE = PodcatsAppiOS/Info.plist;
				INFOPLIST_KEY_UIApplicationSupportsIndirectInputEvents = YES;
				INFOPLIST_KEY_UILaunchStoryboardName = LaunchScreen;
				INFOPLIST_KEY_UIMainStoryboardFile = LaunchScreen;
				INFOPLIST_KEY_UISupportedInterfaceOrientations = UIInterfaceOrientationPortrait;
				INFOPLIST_KEY_UISupportedInterfaceOrientations_iPad = "UIInterfaceOrientationPortrait UIInterfaceOrientationPortraitUpsideDown UIInterfaceOrientationLandscapeLeft UIInterfaceOrientationLandscapeRight";
				INFOPLIST_KEY_UISupportedInterfaceOrientations_iPhone = "UIInterfaceOrientationPortrait UIInterfaceOrientationLandscapeLeft UIInterfaceOrientationLandscapeRight";
				IPHONEOS_DEPLOYMENT_TARGET = 14.0;
				LD_RUNPATH_SEARCH_PATHS = (
					"$(inherited)",
					"@executable_path/Frameworks",
				);
				MARKETING_VERSION = 1.0;
				PRODUCT_BUNDLE_IDENTIFIER = com.podcats.app.product.iOS;
				PRODUCT_NAME = "$(TARGET_NAME)";
				PROVISIONING_PROFILE_SPECIFIER = "Podcats iOS";
				SWIFT_EMIT_LOC_STRINGS = YES;
				SWIFT_VERSION = 5.0;
				TARGETED_DEVICE_FAMILY = 1;
			};
			name = Release;
		};
		8D76B89E28D4A2560014A211 /* Debug */ = {
			isa = XCBuildConfiguration;
			buildSettings = {
				ALWAYS_EMBED_SWIFT_STANDARD_LIBRARIES = YES;
				BUNDLE_LOADER = "$(TEST_HOST)";
				CODE_SIGN_STYLE = Automatic;
				CURRENT_PROJECT_VERSION = 4;
				DEVELOPMENT_TEAM = WUJDW64U79;
				GENERATE_INFOPLIST_FILE = YES;
				IPHONEOS_DEPLOYMENT_TARGET = 15.5;
				MARKETING_VERSION = 1.0;
				PRODUCT_BUNDLE_IDENTIFIER = "AE-team.PodcatsAppiOSTests";
				PRODUCT_NAME = "$(TARGET_NAME)";
				SUPPORTED_PLATFORMS = "iphoneos iphonesimulator";
				SUPPORTS_MACCATALYST = NO;
				SUPPORTS_MAC_DESIGNED_FOR_IPHONE_IPAD = NO;
				SWIFT_EMIT_LOC_STRINGS = NO;
				SWIFT_VERSION = 5.0;
				TARGETED_DEVICE_FAMILY = "1,2";
				TEST_HOST = "$(BUILT_PRODUCTS_DIR)/Podcats.app/Podcats";
			};
			name = Debug;
		};
		8D76B89F28D4A2560014A211 /* Release */ = {
			isa = XCBuildConfiguration;
			buildSettings = {
				ALWAYS_EMBED_SWIFT_STANDARD_LIBRARIES = YES;
				BUNDLE_LOADER = "$(TEST_HOST)";
				CODE_SIGN_STYLE = Automatic;
				CURRENT_PROJECT_VERSION = 4;
				DEVELOPMENT_TEAM = WUJDW64U79;
				GENERATE_INFOPLIST_FILE = YES;
				IPHONEOS_DEPLOYMENT_TARGET = 15.5;
				MARKETING_VERSION = 1.0;
				PRODUCT_BUNDLE_IDENTIFIER = "AE-team.PodcatsAppiOSTests";
				PRODUCT_NAME = "$(TARGET_NAME)";
				SUPPORTED_PLATFORMS = "iphoneos iphonesimulator";
				SUPPORTS_MACCATALYST = NO;
				SUPPORTS_MAC_DESIGNED_FOR_IPHONE_IPAD = NO;
				SWIFT_EMIT_LOC_STRINGS = NO;
				SWIFT_VERSION = 5.0;
				TARGETED_DEVICE_FAMILY = "1,2";
				TEST_HOST = "$(BUILT_PRODUCTS_DIR)/Podcats.app/Podcats";
			};
			name = Release;
		};
/* End XCBuildConfiguration section */

/* Begin XCConfigurationList section */
		8D76B86B28D4A2540014A211 /* Build configuration list for PBXProject "PodcatsAppiOS" */ = {
			isa = XCConfigurationList;
			buildConfigurations = (
				8D76B89828D4A2560014A211 /* Debug */,
				8D76B89928D4A2560014A211 /* Release */,
			);
			defaultConfigurationIsVisible = 0;
			defaultConfigurationName = Release;
		};
		8D76B89A28D4A2560014A211 /* Build configuration list for PBXNativeTarget "Podcats" */ = {
			isa = XCConfigurationList;
			buildConfigurations = (
				8D76B89B28D4A2560014A211 /* Debug */,
				8D76B89C28D4A2560014A211 /* Release */,
			);
			defaultConfigurationIsVisible = 0;
			defaultConfigurationName = Release;
		};
		8D76B89D28D4A2560014A211 /* Build configuration list for PBXNativeTarget "PodcatsAppiOSTests" */ = {
			isa = XCConfigurationList;
			buildConfigurations = (
				8D76B89E28D4A2560014A211 /* Debug */,
				8D76B89F28D4A2560014A211 /* Release */,
			);
			defaultConfigurationIsVisible = 0;
			defaultConfigurationName = Release;
		};
/* End XCConfigurationList section */
	};
	rootObject = 8D76B86828D4A2540014A211 /* Project object */;
}
