<?xml version="1.0" encoding="UTF-8"?>
<Scheme
   LastUpgradeVersion = "1410"
   version = "1.3">
   <BuildAction
      parallelizeBuildables = "YES"
      buildImplicitDependencies = "YES">
      <BuildActionEntries>
         <BuildActionEntry
            buildForTesting = "YES"
            buildForRunning = "YES"
            buildForProfiling = "YES"
            buildForArchiving = "YES"
            buildForAnalyzing = "YES">
            <BuildableReference
               BuildableIdentifier = "primary"
               BlueprintIdentifier = "8DFAEAAE28FD41730028B060"
               BuildableName = "PodcastsModule.framework"
               BlueprintName = "PodcastsModule"
               ReferencedContainer = "container:PodcastsComponents.xcodeproj">
            </BuildableReference>
         </BuildActionEntry>
         <BuildActionEntry
            buildForTesting = "YES"
            buildForRunning = "YES"
            buildForProfiling = "YES"
            buildForArchiving = "YES"
            buildForAnalyzing = "YES">
            <BuildableReference
               BuildableIdentifier = "primary"
               BlueprintIdentifier = "8DE32A2129110AAC00830695"
               BuildableName = "LoadResourcePresenter.framework"
               BlueprintName = "LoadResourcePresenter"
               ReferencedContainer = "container:PodcastsComponents.xcodeproj">
            </BuildableReference>
         </BuildActionEntry>
         <BuildActionEntry
            buildForTesting = "YES"
            buildForRunning = "YES"
            buildForProfiling = "YES"
            buildForArchiving = "YES"
            buildForAnalyzing = "YES">
            <BuildableReference
               BuildableIdentifier = "primary"
               BlueprintIdentifier = "8D5C204028FE8EC4006CD42F"
               BuildableName = "URLSessionHTTPClient.framework"
               BlueprintName = "URLSessionHTTPClient"
               ReferencedContainer = "container:PodcastsComponents.xcodeproj">
            </BuildableReference>
         </BuildActionEntry>
         <BuildActionEntry
            buildForTesting = "YES"
            buildForRunning = "YES"
            buildForProfiling = "YES"
            buildForArchiving = "YES"
            buildForAnalyzing = "YES">
            <BuildableReference
               BuildableIdentifier = "primary"
               BlueprintIdentifier = "8DA0930B28BF59C900C4C68D"
               BuildableName = "PodcastsGenresList.framework"
               BlueprintName = "PodcastsGenresList"
               ReferencedContainer = "container:PodcastsComponents.xcodeproj">
            </BuildableReference>
         </BuildActionEntry>
         <BuildActionEntry
            buildForTesting = "YES"
            buildForRunning = "YES"
            buildForProfiling = "YES"
            buildForArchiving = "YES"
            buildForAnalyzing = "YES">
            <BuildableReference
               BuildableIdentifier = "primary"
               BlueprintIdentifier = "8D9B86C6292BC0BF003B52AB"
               BuildableName = "AudioPlayerModule.framework"
               BlueprintName = "AudioPlayerModule"
               ReferencedContainer = "container:PodcastsComponents.xcodeproj">
            </BuildableReference>
         </BuildActionEntry>
         <BuildActionEntry
            buildForTesting = "YES"
            buildForRunning = "YES"
            buildForProfiling = "YES"
            buildForArchiving = "YES"
            buildForAnalyzing = "YES">
            <BuildableReference
               BuildableIdentifier = "primary"
               BlueprintIdentifier = "8D750D0D294B19AE004500D9"
               BuildableName = "SearchContentModule.framework"
               BlueprintName = "SearchContentModule"
               ReferencedContainer = "container:PodcastsComponents.xcodeproj">
            </BuildableReference>
         </BuildActionEntry>
         <BuildActionEntry
            buildForTesting = "YES"
            buildForRunning = "NO"
            buildForProfiling = "NO"
            buildForArchiving = "NO"
            buildForAnalyzing = "NO">
            <BuildableReference
               BuildableIdentifier = "primary"
               BlueprintIdentifier = "8DE46B05294B6E1E007B204C"
               BuildableName = "SearchContentAPIEndToEndTests.xctest"
               BlueprintName = "SearchContentAPIEndToEndTests"
               ReferencedContainer = "container:PodcastsComponents.xcodeproj">
            </BuildableReference>
         </BuildActionEntry>
      </BuildActionEntries>
   </BuildAction>
   <TestAction
      buildConfiguration = "Debug"
      selectedDebuggerIdentifier = "Xcode.DebuggerFoundation.Debugger.LLDB"
      selectedLauncherIdentifier = "Xcode.DebuggerFoundation.Launcher.LLDB"
      shouldUseLaunchSchemeArgsEnv = "YES"
      codeCoverageEnabled = "YES"
      onlyGenerateCoverageForSpecifiedTargets = "YES">
      <CodeCoverageTargets>
         <BuildableReference
            BuildableIdentifier = "primary"
            BlueprintIdentifier = "8DFAEAAE28FD41730028B060"
            BuildableName = "PodcastsModule.framework"
            BlueprintName = "PodcastsModule"
            ReferencedContainer = "container:PodcastsComponents.xcodeproj">
         </BuildableReference>
         <BuildableReference
            BuildableIdentifier = "primary"
            BlueprintIdentifier = "8DE32A2129110AAC00830695"
            BuildableName = "LoadResourcePresenter.framework"
            BlueprintName = "LoadResourcePresenter"
            ReferencedContainer = "container:PodcastsComponents.xcodeproj">
         </BuildableReference>
         <BuildableReference
            BuildableIdentifier = "primary"
            BlueprintIdentifier = "8DA0930B28BF59C900C4C68D"
            BuildableName = "PodcastsGenresList.framework"
            BlueprintName = "PodcastsGenresList"
            ReferencedContainer = "container:PodcastsComponents.xcodeproj">
         </BuildableReference>
         <BuildableReference
            BuildableIdentifier = "primary"
            BlueprintIdentifier = "8D5C204028FE8EC4006CD42F"
            BuildableName = "URLSessionHTTPClient.framework"
            BlueprintName = "URLSessionHTTPClient"
            ReferencedContainer = "container:PodcastsComponents.xcodeproj">
         </BuildableReference>
         <BuildableReference
            BuildableIdentifier = "primary"
            BlueprintIdentifier = "8D9B86C6292BC0BF003B52AB"
            BuildableName = "AudioPlayerModule.framework"
            BlueprintName = "AudioPlayerModule"
            ReferencedContainer = "container:PodcastsComponents.xcodeproj">
         </BuildableReference>
         <BuildableReference
            BuildableIdentifier = "primary"
            BlueprintIdentifier = "8D750D0D294B19AE004500D9"
            BuildableName = "SearchContentModule.framework"
            BlueprintName = "SearchContentModule"
            ReferencedContainer = "container:PodcastsComponents.xcodeproj">
         </BuildableReference>
      </CodeCoverageTargets>
      <Testables>
         <TestableReference
            skipped = "NO"
            testExecutionOrdering = "random">
            <BuildableReference
               BuildableIdentifier = "primary"
               BlueprintIdentifier = "8DA0931928BF5A0200C4C68D"
               BuildableName = "PodcastsGenresListTests.xctest"
               BlueprintName = "PodcastsGenresListTests"
               ReferencedContainer = "container:PodcastsComponents.xcodeproj">
            </BuildableReference>
         </TestableReference>
         <TestableReference
            skipped = "NO"
            testExecutionOrdering = "random">
            <BuildableReference
               BuildableIdentifier = "primary"
               BlueprintIdentifier = "8D5C208B28FFE5DD006CD42F"
               BuildableName = "PodcastsModuleAPIEndToEndTests.xctest"
               BlueprintName = "PodcastsModuleAPIEndToEndTests"
               ReferencedContainer = "container:PodcastsComponents.xcodeproj">
            </BuildableReference>
         </TestableReference>
         <TestableReference
            skipped = "NO"
            testExecutionOrdering = "random">
            <BuildableReference
               BuildableIdentifier = "primary"
               BlueprintIdentifier = "8DFAEAB528FD41740028B060"
               BuildableName = "PodcastsModuleTests.xctest"
               BlueprintName = "PodcastsModuleTests"
               ReferencedContainer = "container:PodcastsComponents.xcodeproj">
            </BuildableReference>
         </TestableReference>
         <TestableReference
            skipped = "NO"
            testExecutionOrdering = "random">
            <BuildableReference
               BuildableIdentifier = "primary"
               BlueprintIdentifier = "8DE32A2829110AAC00830695"
               BuildableName = "LoadResourcePresenterTests.xctest"
               BlueprintName = "LoadResourcePresenterTests"
               ReferencedContainer = "container:PodcastsComponents.xcodeproj">
            </BuildableReference>
         </TestableReference>
         <TestableReference
            skipped = "NO"
            testExecutionOrdering = "random">
            <BuildableReference
               BuildableIdentifier = "primary"
               BlueprintIdentifier = "8D745E3228C6259C005DC3F8"
               BuildableName = "PodcastsGenresListAPIEndToEndTests.xctest"
               BlueprintName = "PodcastsGenresListAPIEndToEndTests"
               ReferencedContainer = "container:PodcastsComponents.xcodeproj">
            </BuildableReference>
         </TestableReference>
         <TestableReference
            skipped = "NO"
            testExecutionOrdering = "random">
            <BuildableReference
               BuildableIdentifier = "primary"
               BlueprintIdentifier = "8D75815328D0AFA800751261"
               BuildableName = "PodcastsGenresListCacheIntegrationTests.xctest"
               BlueprintName = "PodcastsGenresListCacheIntegrationTests"
               ReferencedContainer = "container:PodcastsComponents.xcodeproj">
            </BuildableReference>
         </TestableReference>
         <TestableReference
            skipped = "NO"
            testExecutionOrdering = "random">
            <BuildableReference
               BuildableIdentifier = "primary"
               BlueprintIdentifier = "8D5C204728FE8EC4006CD42F"
               BuildableName = "URLSessionHTTPClientTests.xctest"
               BlueprintName = "URLSessionHTTPClientTests"
               ReferencedContainer = "container:PodcastsComponents.xcodeproj">
            </BuildableReference>
         </TestableReference>
         <TestableReference
            skipped = "NO"
            testExecutionOrdering = "random">
            <BuildableReference
               BuildableIdentifier = "primary"
               BlueprintIdentifier = "8D9B86D1292BC0CF003B52AB"
               BuildableName = "AudioPlayerModuleTests.xctest"
               BlueprintName = "AudioPlayerModuleTests"
               ReferencedContainer = "container:PodcastsComponents.xcodeproj">
            </BuildableReference>
         </TestableReference>
         <TestableReference
            skipped = "NO"
            testExecutionOrdering = "random">
            <BuildableReference
               BuildableIdentifier = "primary"
               BlueprintIdentifier = "8D750D3A294B375C004500D9"
               BuildableName = "MapperLibraryTests.xctest"
               BlueprintName = "MapperLibraryTests"
               ReferencedContainer = "container:PodcastsComponents.xcodeproj">
            </BuildableReference>
         </TestableReference>
         <TestableReference
            skipped = "NO"
            testExecutionOrdering = "random">
            <BuildableReference
               BuildableIdentifier = "primary"
               BlueprintIdentifier = "8D750D14294B19AF004500D9"
               BuildableName = "SearchContentModuleTests.xctest"
               BlueprintName = "SearchContentModuleTests"
               ReferencedContainer = "container:PodcastsComponents.xcodeproj">
            </BuildableReference>
         </TestableReference>
         <TestableReference
            skipped = "NO"
            testExecutionOrdering = "random">
            <BuildableReference
               BuildableIdentifier = "primary"
               BlueprintIdentifier = "8DE46B05294B6E1E007B204C"
               BuildableName = "SearchContentAPIEndToEndTests.xctest"
               BlueprintName = "SearchContentAPIEndToEndTests"
               ReferencedContainer = "container:PodcastsComponents.xcodeproj">
            </BuildableReference>
         </TestableReference>
         <TestableReference
            skipped = "NO"
            testExecutionOrdering = "random">
            <BuildableReference
               BuildableIdentifier = "primary"
               BlueprintIdentifier = "8D362631295DC6B800967634"
               BuildableName = "PlaybackProgressCacheIntegrationTests.xctest"
               BlueprintName = "PlaybackProgressCacheIntegrationTests"
               ReferencedContainer = "container:PodcastsComponents.xcodeproj">
            </BuildableReference>
         </TestableReference>
      </Testables>
   </TestAction>
   <LaunchAction
      buildConfiguration = "Debug"
      selectedDebuggerIdentifier = "Xcode.DebuggerFoundation.Debugger.LLDB"
      selectedLauncherIdentifier = "Xcode.DebuggerFoundation.Launcher.LLDB"
      launchStyle = "0"
      useCustomWorkingDirectory = "NO"
      ignoresPersistentStateOnLaunch = "NO"
      debugDocumentVersioning = "YES"
      debugServiceExtension = "internal"
      allowLocationSimulation = "YES">
   </LaunchAction>
   <ProfileAction
      buildConfiguration = "Release"
      shouldUseLaunchSchemeArgsEnv = "YES"
      savedToolIdentifier = ""
      useCustomWorkingDirectory = "NO"
      debugDocumentVersioning = "YES">
      <MacroExpansion>
         <BuildableReference
            BuildableIdentifier = "primary"
            BlueprintIdentifier = "8DFAEAAE28FD41730028B060"
            BuildableName = "PodcastsModule.framework"
            BlueprintName = "PodcastsModule"
            ReferencedContainer = "container:PodcastsComponents.xcodeproj">
         </BuildableReference>
      </MacroExpansion>
   </ProfileAction>
   <AnalyzeAction
      buildConfiguration = "Debug">
   </AnalyzeAction>
   <ArchiveAction
      buildConfiguration = "Release"
      revealArchiveInOrganizer = "YES">
   </ArchiveAction>
</Scheme>
